
Microsoft Visual Studio Solution File, Format Version 12.00
# Visual Studio 15
VisualStudioVersion = 15.0.26430.16
MinimumVisualStudioVersion = 10.0.40219.1
Project("{FAE04EC0-301F-11D3-BF4B-00C04F79EFBC}") = "Digst.OioIdws.LibBas", "Source\Digst.OioIdws.LibBas\Digst.OioIdws.LibBas.csproj", "{1DC7EA39-865D-4386-A814-9062441056FE}"
EndProject
Project("{FAE04EC0-301F-11D3-BF4B-00C04F79EFBC}") = "Digst.OioIdws.Wsp", "Source\Digst.OioIdws.Wsp\Digst.OioIdws.Wsp.csproj", "{BB72FF55-203D-4908-A396-1BF223473F3D}"
EndProject
Project("{2150E333-8FDC-42A3-9474-1A3956D46DE8}") = "Source", "Source", "{0F04E164-8FAA-4DC7-AC3D-4EA585E7BB94}"
EndProject
Project("{2150E333-8FDC-42A3-9474-1A3956D46DE8}") = "Test", "Test", "{23D96302-91BF-40F0-A372-C288A919A7D4}"
EndProject
Project("{2150E333-8FDC-42A3-9474-1A3956D46DE8}") = "Examples", "Examples", "{7E8C8722-21B6-4A9E-8289-7751D9A4581F}"
EndProject
Project("{FAE04EC0-301F-11D3-BF4B-00C04F79EFBC}") = "Digst.OioIdws.WscExample", "Examples\Digst.OioIdws.WscExample\Digst.OioIdws.WscExample.csproj", "{B01A7909-4172-49DB-8DBB-B6949BC1122F}"
EndProject
Project("{FAE04EC0-301F-11D3-BF4B-00C04F79EFBC}") = "Digst.OioIdws.WspExample", "Examples\Digst.OioIdws.WspExample\Digst.OioIdws.WspExample.csproj", "{5B3CA328-4AFC-4F8E-BE25-75AACCFF5D54}"
EndProject
Project("{FAE04EC0-301F-11D3-BF4B-00C04F79EFBC}") = "Digst.OioIdws.OioWsTrust.Test", "Tests\Digst.OioIdws.OioWsTrust.Test\Digst.OioIdws.OioWsTrust.Test.csproj", "{D162D619-F3F3-407F-9FB4-5B5EC00AA33D}"
EndProject
Project("{FAE04EC0-301F-11D3-BF4B-00C04F79EFBC}") = "Digst.OioIdws.Wsc", "Source\Digst.OioIdws.Wsc\Digst.OioIdws.Wsc.csproj", "{43DC7EFC-447D-4D7D-A497-5CC7C60A006D}"
EndProject
Project("{FAE04EC0-301F-11D3-BF4B-00C04F79EFBC}") = "Digst.OioIdws.Common", "Source\Digst.OioIdws.Common\Digst.OioIdws.Common.csproj", "{90C95503-CDA6-46E1-91AF-3A52D04DBCC3}"
EndProject
Project("{FAE04EC0-301F-11D3-BF4B-00C04F79EFBC}") = "Digst.OioIdws.WscExampleNuGet", "Examples\Digst.OioIdws.WscExampleNuGet\Digst.OioIdws.WscExampleNuGet.csproj", "{FA66D521-334E-4325-97FD-42C31C02B4C1}"
EndProject
Project("{FAE04EC0-301F-11D3-BF4B-00C04F79EFBC}") = "Digst.OioIdws.WspExampleNuGet", "Examples\Digst.OioIdws.WspExampleNuGet\Digst.OioIdws.WspExampleNuGet.csproj", "{53A3D5C4-D334-469B-AD77-1FE1919EFC43}"
EndProject
Project("{FAE04EC0-301F-11D3-BF4B-00C04F79EFBC}") = "Digst.OioIdws.WscJavaExample", "Examples\Digst.OioIdws.WscJavaExample\Digst.OioIdws.WscJavaExample.csproj", "{933F64E2-D97F-4A6B-8F56-22DA29A4341E}"
EndProject
Project("{FAE04EC0-301F-11D3-BF4B-00C04F79EFBC}") = "Digst.OioIdws.Rest.Server", "Source\Digst.OioIdws.Rest.Server\Digst.OioIdws.Rest.Server.csproj", "{D97CEB63-1139-4DC3-B630-67E823376326}"
EndProject
Project("{FAE04EC0-301F-11D3-BF4B-00C04F79EFBC}") = "Digst.OioIdws.Rest.Common", "Source\Digst.OioIdws.Rest.Common\Digst.OioIdws.Rest.Common.csproj", "{B367BF97-79F3-4BBA-8A2F-9A21FFDF9950}"
EndProject
Project("{FAE04EC0-301F-11D3-BF4B-00C04F79EFBC}") = "Digst.OioIdws.Rest.Server.Tests", "Tests\Digst.OioIdws.Rest.Server.Tests\Digst.OioIdws.Rest.Server.Tests.csproj", "{43C0B539-7E33-48AB-AE35-98B3D1834782}"
EndProject
Project("{FAE04EC0-301F-11D3-BF4B-00C04F79EFBC}") = "Digst.OioIdws.Rest.Client", "source\Digst.OioIdws.Rest.Client\Digst.OioIdws.Rest.Client.csproj", "{7E94185F-75DA-4E26-80CD-D3BDA207FE5F}"
EndProject
Project("{FAE04EC0-301F-11D3-BF4B-00C04F79EFBC}") = "Digst.OioIdws.OioWsTrust", "Source\Digst.OioIdws.OioWsTrust\Digst.OioIdws.OioWsTrust.csproj", "{021345B3-85F0-4AE3-9989-DC96772C7799}"
EndProject
Project("{FAE04EC0-301F-11D3-BF4B-00C04F79EFBC}") = "Digst.OioIdws.Test.Common", "Tests\Digst.OioIdws.Test.Common\Digst.OioIdws.Test.Common.csproj", "{17CD5683-886B-4856-82B0-25BD99172764}"
EndProject
Project("{FAE04EC0-301F-11D3-BF4B-00C04F79EFBC}") = "Digst.OioIdws.Rest.Examples.AuthorizationServer", "Examples\Digst.OioIdws.Rest.Examples.AS\Digst.OioIdws.Rest.Examples.AuthorizationServer.csproj", "{42A3CEC6-00FF-4BB9-916D-BFCE85DCCC88}"
EndProject
Project("{FAE04EC0-301F-11D3-BF4B-00C04F79EFBC}") = "Digst.OioIdws.Rest.Examples.Wsp", "Examples\Digst.OioIdws.Rest.Examples.WSP\Digst.OioIdws.Rest.Examples.Wsp.csproj", "{0C7B6D2D-4192-422C-AB73-DFF75ACB07C3}"
EndProject
Project("{FAE04EC0-301F-11D3-BF4B-00C04F79EFBC}") = "Digst.OioIdws.Rest.Examples.Client", "Examples\Digst.OioIdws.Rest.Examples.Client\Digst.OioIdws.Rest.Examples.Client.csproj", "{7FFD3B1F-CD9A-458F-AE7C-A6AD118225A3}"
EndProject
Project("{FAE04EC0-301F-11D3-BF4B-00C04F79EFBC}") = "Digst.OioIdws.Rest.Examples.ServerCombined", "Examples\Digst.OioIdws.Rest.Examples.ServerCombined\Digst.OioIdws.Rest.Examples.ServerCombined.csproj", "{C89A6EC3-7DD3-47EE-9C51-0A3A6BC25904}"
EndProject
Project("{2150E333-8FDC-42A3-9474-1A3956D46DE8}") = "Nuget", "Nuget", "{ADF6BF1F-D0D7-462D-AB68-EA852C2F67E5}"
EndProject
Project("{FAE04EC0-301F-11D3-BF4B-00C04F79EFBC}") = "Digst.OioIdws.Rest.Examples.ServerCombinedNuget", "Examples\Digst.OioIdws.Rest.Examples.ServerCombinedNuget\Digst.OioIdws.Rest.Examples.ServerCombinedNuget.csproj", "{3EC07E91-4AE4-4D2C-BE73-F10E2A86DAC4}"
EndProject
Project("{FAE04EC0-301F-11D3-BF4B-00C04F79EFBC}") = "Digst.OioIdws.Rest.Examples.ClientNuget", "Examples\Digst.OioIdws.Rest.Examples.ClientNuget\Digst.OioIdws.Rest.Examples.ClientNuget.csproj", "{7B85283D-EAB3-42A4-B6B1-E75A73B6C920}"
EndProject
Project("{FAE04EC0-301F-11D3-BF4B-00C04F79EFBC}") = "Digst.OioIdws.Rest.SystemTests", "Tests\Digst.OioIdws.Rest.SystemTests\Digst.OioIdws.Rest.SystemTests.csproj", "{AA1D71AB-D8B3-4450-A068-BA77D169F289}"
EndProject
Project("{FAE04EC0-301F-11D3-BF4B-00C04F79EFBC}") = "Digst.Oioidws.WscBootstrapExample", "Examples\Digst.Oioidws.WscBootstrapExample\Digst.Oioidws.WscBootstrapExample.csproj", "{5CABB53A-798E-4725-B755-18A60ECC5D31}"
EndProject
Project("{FAE04EC0-301F-11D3-BF4B-00C04F79EFBC}") = "Digst.OioIdws.LibBas.Test", "Tests\Digst.OioIdws.LibBas.Test\Digst.OioIdws.LibBas.Test.csproj", "{75814AC9-8E36-4CDF-8697-D800A143411A}"
EndProject
Project("{FAE04EC0-301F-11D3-BF4B-00C04F79EFBC}") = "Digst.OioIdws.LibBas.LongRunningTest", "Tests\Digst.OioIdws.LibBas.LongRunningTest\Digst.OioIdws.LibBas.LongRunningTest.csproj", "{FA632557-8F3E-492B-8DA3-D2686938FBC8}"
EndProject
Global
	GlobalSection(SolutionConfigurationPlatforms) = preSolution
		Debug|Any CPU = Debug|Any CPU
		Release|Any CPU = Release|Any CPU
	EndGlobalSection
	GlobalSection(ProjectConfigurationPlatforms) = postSolution
		{1DC7EA39-865D-4386-A814-9062441056FE}.Debug|Any CPU.ActiveCfg = Debug|Any CPU
		{1DC7EA39-865D-4386-A814-9062441056FE}.Debug|Any CPU.Build.0 = Debug|Any CPU
		{1DC7EA39-865D-4386-A814-9062441056FE}.Release|Any CPU.ActiveCfg = Release|Any CPU
		{1DC7EA39-865D-4386-A814-9062441056FE}.Release|Any CPU.Build.0 = Release|Any CPU
		{BB72FF55-203D-4908-A396-1BF223473F3D}.Debug|Any CPU.ActiveCfg = Debug|Any CPU
		{BB72FF55-203D-4908-A396-1BF223473F3D}.Debug|Any CPU.Build.0 = Debug|Any CPU
		{BB72FF55-203D-4908-A396-1BF223473F3D}.Release|Any CPU.ActiveCfg = Release|Any CPU
		{BB72FF55-203D-4908-A396-1BF223473F3D}.Release|Any CPU.Build.0 = Release|Any CPU
		{B01A7909-4172-49DB-8DBB-B6949BC1122F}.Debug|Any CPU.ActiveCfg = Debug|Any CPU
		{B01A7909-4172-49DB-8DBB-B6949BC1122F}.Debug|Any CPU.Build.0 = Debug|Any CPU
		{B01A7909-4172-49DB-8DBB-B6949BC1122F}.Release|Any CPU.ActiveCfg = Release|Any CPU
		{B01A7909-4172-49DB-8DBB-B6949BC1122F}.Release|Any CPU.Build.0 = Release|Any CPU
		{5B3CA328-4AFC-4F8E-BE25-75AACCFF5D54}.Debug|Any CPU.ActiveCfg = Debug|Any CPU
		{5B3CA328-4AFC-4F8E-BE25-75AACCFF5D54}.Debug|Any CPU.Build.0 = Debug|Any CPU
		{5B3CA328-4AFC-4F8E-BE25-75AACCFF5D54}.Release|Any CPU.ActiveCfg = Release|Any CPU
		{5B3CA328-4AFC-4F8E-BE25-75AACCFF5D54}.Release|Any CPU.Build.0 = Release|Any CPU
		{D162D619-F3F3-407F-9FB4-5B5EC00AA33D}.Debug|Any CPU.ActiveCfg = Debug|Any CPU
		{D162D619-F3F3-407F-9FB4-5B5EC00AA33D}.Debug|Any CPU.Build.0 = Debug|Any CPU
		{D162D619-F3F3-407F-9FB4-5B5EC00AA33D}.Release|Any CPU.ActiveCfg = Release|Any CPU
		{D162D619-F3F3-407F-9FB4-5B5EC00AA33D}.Release|Any CPU.Build.0 = Release|Any CPU
		{43DC7EFC-447D-4D7D-A497-5CC7C60A006D}.Debug|Any CPU.ActiveCfg = Debug|Any CPU
		{43DC7EFC-447D-4D7D-A497-5CC7C60A006D}.Debug|Any CPU.Build.0 = Debug|Any CPU
		{43DC7EFC-447D-4D7D-A497-5CC7C60A006D}.Release|Any CPU.ActiveCfg = Release|Any CPU
		{43DC7EFC-447D-4D7D-A497-5CC7C60A006D}.Release|Any CPU.Build.0 = Release|Any CPU
		{90C95503-CDA6-46E1-91AF-3A52D04DBCC3}.Debug|Any CPU.ActiveCfg = Debug|Any CPU
		{90C95503-CDA6-46E1-91AF-3A52D04DBCC3}.Debug|Any CPU.Build.0 = Debug|Any CPU
		{90C95503-CDA6-46E1-91AF-3A52D04DBCC3}.Release|Any CPU.ActiveCfg = Release|Any CPU
		{90C95503-CDA6-46E1-91AF-3A52D04DBCC3}.Release|Any CPU.Build.0 = Release|Any CPU
		{FA66D521-334E-4325-97FD-42C31C02B4C1}.Debug|Any CPU.ActiveCfg = Debug|Any CPU
		{FA66D521-334E-4325-97FD-42C31C02B4C1}.Debug|Any CPU.Build.0 = Debug|Any CPU
		{FA66D521-334E-4325-97FD-42C31C02B4C1}.Release|Any CPU.ActiveCfg = Release|Any CPU
		{FA66D521-334E-4325-97FD-42C31C02B4C1}.Release|Any CPU.Build.0 = Release|Any CPU
		{53A3D5C4-D334-469B-AD77-1FE1919EFC43}.Debug|Any CPU.ActiveCfg = Debug|Any CPU
		{53A3D5C4-D334-469B-AD77-1FE1919EFC43}.Debug|Any CPU.Build.0 = Debug|Any CPU
		{53A3D5C4-D334-469B-AD77-1FE1919EFC43}.Release|Any CPU.ActiveCfg = Release|Any CPU
		{53A3D5C4-D334-469B-AD77-1FE1919EFC43}.Release|Any CPU.Build.0 = Release|Any CPU
		{933F64E2-D97F-4A6B-8F56-22DA29A4341E}.Debug|Any CPU.ActiveCfg = Debug|Any CPU
		{933F64E2-D97F-4A6B-8F56-22DA29A4341E}.Debug|Any CPU.Build.0 = Debug|Any CPU
		{933F64E2-D97F-4A6B-8F56-22DA29A4341E}.Release|Any CPU.ActiveCfg = Release|Any CPU
		{933F64E2-D97F-4A6B-8F56-22DA29A4341E}.Release|Any CPU.Build.0 = Release|Any CPU
		{D97CEB63-1139-4DC3-B630-67E823376326}.Debug|Any CPU.ActiveCfg = Debug|Any CPU
		{D97CEB63-1139-4DC3-B630-67E823376326}.Debug|Any CPU.Build.0 = Debug|Any CPU
		{D97CEB63-1139-4DC3-B630-67E823376326}.Release|Any CPU.ActiveCfg = Release|Any CPU
		{D97CEB63-1139-4DC3-B630-67E823376326}.Release|Any CPU.Build.0 = Release|Any CPU
		{B367BF97-79F3-4BBA-8A2F-9A21FFDF9950}.Debug|Any CPU.ActiveCfg = Debug|Any CPU
		{B367BF97-79F3-4BBA-8A2F-9A21FFDF9950}.Debug|Any CPU.Build.0 = Debug|Any CPU
		{B367BF97-79F3-4BBA-8A2F-9A21FFDF9950}.Release|Any CPU.ActiveCfg = Release|Any CPU
		{B367BF97-79F3-4BBA-8A2F-9A21FFDF9950}.Release|Any CPU.Build.0 = Release|Any CPU
		{43C0B539-7E33-48AB-AE35-98B3D1834782}.Debug|Any CPU.ActiveCfg = Debug|Any CPU
		{43C0B539-7E33-48AB-AE35-98B3D1834782}.Debug|Any CPU.Build.0 = Debug|Any CPU
		{43C0B539-7E33-48AB-AE35-98B3D1834782}.Release|Any CPU.ActiveCfg = Release|Any CPU
		{43C0B539-7E33-48AB-AE35-98B3D1834782}.Release|Any CPU.Build.0 = Release|Any CPU
		{7E94185F-75DA-4E26-80CD-D3BDA207FE5F}.Debug|Any CPU.ActiveCfg = Debug|Any CPU
		{7E94185F-75DA-4E26-80CD-D3BDA207FE5F}.Debug|Any CPU.Build.0 = Debug|Any CPU
		{7E94185F-75DA-4E26-80CD-D3BDA207FE5F}.Release|Any CPU.ActiveCfg = Release|Any CPU
		{7E94185F-75DA-4E26-80CD-D3BDA207FE5F}.Release|Any CPU.Build.0 = Release|Any CPU
		{021345B3-85F0-4AE3-9989-DC96772C7799}.Debug|Any CPU.ActiveCfg = Debug|Any CPU
		{021345B3-85F0-4AE3-9989-DC96772C7799}.Debug|Any CPU.Build.0 = Debug|Any CPU
		{021345B3-85F0-4AE3-9989-DC96772C7799}.Release|Any CPU.ActiveCfg = Release|Any CPU
		{021345B3-85F0-4AE3-9989-DC96772C7799}.Release|Any CPU.Build.0 = Release|Any CPU
		{17CD5683-886B-4856-82B0-25BD99172764}.Debug|Any CPU.ActiveCfg = Debug|Any CPU
		{17CD5683-886B-4856-82B0-25BD99172764}.Debug|Any CPU.Build.0 = Debug|Any CPU
		{17CD5683-886B-4856-82B0-25BD99172764}.Release|Any CPU.ActiveCfg = Release|Any CPU
		{17CD5683-886B-4856-82B0-25BD99172764}.Release|Any CPU.Build.0 = Release|Any CPU
		{42A3CEC6-00FF-4BB9-916D-BFCE85DCCC88}.Debug|Any CPU.ActiveCfg = Debug|Any CPU
		{42A3CEC6-00FF-4BB9-916D-BFCE85DCCC88}.Debug|Any CPU.Build.0 = Debug|Any CPU
		{42A3CEC6-00FF-4BB9-916D-BFCE85DCCC88}.Release|Any CPU.ActiveCfg = Release|Any CPU
		{42A3CEC6-00FF-4BB9-916D-BFCE85DCCC88}.Release|Any CPU.Build.0 = Release|Any CPU
		{0C7B6D2D-4192-422C-AB73-DFF75ACB07C3}.Debug|Any CPU.ActiveCfg = Debug|Any CPU
		{0C7B6D2D-4192-422C-AB73-DFF75ACB07C3}.Debug|Any CPU.Build.0 = Debug|Any CPU
		{0C7B6D2D-4192-422C-AB73-DFF75ACB07C3}.Release|Any CPU.ActiveCfg = Release|Any CPU
		{0C7B6D2D-4192-422C-AB73-DFF75ACB07C3}.Release|Any CPU.Build.0 = Release|Any CPU
		{7FFD3B1F-CD9A-458F-AE7C-A6AD118225A3}.Debug|Any CPU.ActiveCfg = Debug|Any CPU
		{7FFD3B1F-CD9A-458F-AE7C-A6AD118225A3}.Debug|Any CPU.Build.0 = Debug|Any CPU
		{7FFD3B1F-CD9A-458F-AE7C-A6AD118225A3}.Release|Any CPU.ActiveCfg = Release|Any CPU
		{7FFD3B1F-CD9A-458F-AE7C-A6AD118225A3}.Release|Any CPU.Build.0 = Release|Any CPU
		{C89A6EC3-7DD3-47EE-9C51-0A3A6BC25904}.Debug|Any CPU.ActiveCfg = Debug|Any CPU
		{C89A6EC3-7DD3-47EE-9C51-0A3A6BC25904}.Debug|Any CPU.Build.0 = Debug|Any CPU
		{C89A6EC3-7DD3-47EE-9C51-0A3A6BC25904}.Release|Any CPU.ActiveCfg = Release|Any CPU
		{C89A6EC3-7DD3-47EE-9C51-0A3A6BC25904}.Release|Any CPU.Build.0 = Release|Any CPU
		{3EC07E91-4AE4-4D2C-BE73-F10E2A86DAC4}.Debug|Any CPU.ActiveCfg = Debug|Any CPU
		{3EC07E91-4AE4-4D2C-BE73-F10E2A86DAC4}.Debug|Any CPU.Build.0 = Debug|Any CPU
		{3EC07E91-4AE4-4D2C-BE73-F10E2A86DAC4}.Release|Any CPU.ActiveCfg = Release|Any CPU
		{3EC07E91-4AE4-4D2C-BE73-F10E2A86DAC4}.Release|Any CPU.Build.0 = Release|Any CPU
		{7B85283D-EAB3-42A4-B6B1-E75A73B6C920}.Debug|Any CPU.ActiveCfg = Debug|Any CPU
		{7B85283D-EAB3-42A4-B6B1-E75A73B6C920}.Debug|Any CPU.Build.0 = Debug|Any CPU
		{7B85283D-EAB3-42A4-B6B1-E75A73B6C920}.Release|Any CPU.ActiveCfg = Release|Any CPU
		{7B85283D-EAB3-42A4-B6B1-E75A73B6C920}.Release|Any CPU.Build.0 = Release|Any CPU
		{AA1D71AB-D8B3-4450-A068-BA77D169F289}.Debug|Any CPU.ActiveCfg = Debug|Any CPU
		{AA1D71AB-D8B3-4450-A068-BA77D169F289}.Debug|Any CPU.Build.0 = Debug|Any CPU
		{AA1D71AB-D8B3-4450-A068-BA77D169F289}.Release|Any CPU.ActiveCfg = Release|Any CPU
		{AA1D71AB-D8B3-4450-A068-BA77D169F289}.Release|Any CPU.Build.0 = Release|Any CPU
		{5CABB53A-798E-4725-B755-18A60ECC5D31}.Debug|Any CPU.ActiveCfg = Debug|Any CPU
		{5CABB53A-798E-4725-B755-18A60ECC5D31}.Debug|Any CPU.Build.0 = Debug|Any CPU
		{5CABB53A-798E-4725-B755-18A60ECC5D31}.Release|Any CPU.ActiveCfg = Release|Any CPU
		{5CABB53A-798E-4725-B755-18A60ECC5D31}.Release|Any CPU.Build.0 = Release|Any CPU
		{75814AC9-8E36-4CDF-8697-D800A143411A}.Debug|Any CPU.ActiveCfg = Debug|Any CPU
		{75814AC9-8E36-4CDF-8697-D800A143411A}.Debug|Any CPU.Build.0 = Debug|Any CPU
		{75814AC9-8E36-4CDF-8697-D800A143411A}.Release|Any CPU.ActiveCfg = Release|Any CPU
		{75814AC9-8E36-4CDF-8697-D800A143411A}.Release|Any CPU.Build.0 = Release|Any CPU
		{FA632557-8F3E-492B-8DA3-D2686938FBC8}.Debug|Any CPU.ActiveCfg = Debug|Any CPU
		{FA632557-8F3E-492B-8DA3-D2686938FBC8}.Debug|Any CPU.Build.0 = Debug|Any CPU
		{FA632557-8F3E-492B-8DA3-D2686938FBC8}.Release|Any CPU.ActiveCfg = Release|Any CPU
		{FA632557-8F3E-492B-8DA3-D2686938FBC8}.Release|Any CPU.Build.0 = Release|Any CPU
	EndGlobalSection
	GlobalSection(SolutionProperties) = preSolution
		HideSolutionNode = FALSE
	EndGlobalSection
	GlobalSection(NestedProjects) = preSolution
		{1DC7EA39-865D-4386-A814-9062441056FE} = {0F04E164-8FAA-4DC7-AC3D-4EA585E7BB94}
		{BB72FF55-203D-4908-A396-1BF223473F3D} = {0F04E164-8FAA-4DC7-AC3D-4EA585E7BB94}
		{B01A7909-4172-49DB-8DBB-B6949BC1122F} = {7E8C8722-21B6-4A9E-8289-7751D9A4581F}
		{5B3CA328-4AFC-4F8E-BE25-75AACCFF5D54} = {7E8C8722-21B6-4A9E-8289-7751D9A4581F}
		{D162D619-F3F3-407F-9FB4-5B5EC00AA33D} = {23D96302-91BF-40F0-A372-C288A919A7D4}
		{43DC7EFC-447D-4D7D-A497-5CC7C60A006D} = {0F04E164-8FAA-4DC7-AC3D-4EA585E7BB94}
		{90C95503-CDA6-46E1-91AF-3A52D04DBCC3} = {0F04E164-8FAA-4DC7-AC3D-4EA585E7BB94}
		{FA66D521-334E-4325-97FD-42C31C02B4C1} = {ADF6BF1F-D0D7-462D-AB68-EA852C2F67E5}
		{53A3D5C4-D334-469B-AD77-1FE1919EFC43} = {ADF6BF1F-D0D7-462D-AB68-EA852C2F67E5}
		{933F64E2-D97F-4A6B-8F56-22DA29A4341E} = {7E8C8722-21B6-4A9E-8289-7751D9A4581F}
		{D97CEB63-1139-4DC3-B630-67E823376326} = {0F04E164-8FAA-4DC7-AC3D-4EA585E7BB94}
		{B367BF97-79F3-4BBA-8A2F-9A21FFDF9950} = {0F04E164-8FAA-4DC7-AC3D-4EA585E7BB94}
		{43C0B539-7E33-48AB-AE35-98B3D1834782} = {23D96302-91BF-40F0-A372-C288A919A7D4}
		{7E94185F-75DA-4E26-80CD-D3BDA207FE5F} = {0F04E164-8FAA-4DC7-AC3D-4EA585E7BB94}
		{021345B3-85F0-4AE3-9989-DC96772C7799} = {0F04E164-8FAA-4DC7-AC3D-4EA585E7BB94}
		{17CD5683-886B-4856-82B0-25BD99172764} = {23D96302-91BF-40F0-A372-C288A919A7D4}
		{42A3CEC6-00FF-4BB9-916D-BFCE85DCCC88} = {7E8C8722-21B6-4A9E-8289-7751D9A4581F}
		{0C7B6D2D-4192-422C-AB73-DFF75ACB07C3} = {7E8C8722-21B6-4A9E-8289-7751D9A4581F}
		{7FFD3B1F-CD9A-458F-AE7C-A6AD118225A3} = {7E8C8722-21B6-4A9E-8289-7751D9A4581F}
		{C89A6EC3-7DD3-47EE-9C51-0A3A6BC25904} = {7E8C8722-21B6-4A9E-8289-7751D9A4581F}
		{ADF6BF1F-D0D7-462D-AB68-EA852C2F67E5} = {7E8C8722-21B6-4A9E-8289-7751D9A4581F}
		{3EC07E91-4AE4-4D2C-BE73-F10E2A86DAC4} = {ADF6BF1F-D0D7-462D-AB68-EA852C2F67E5}
		{7B85283D-EAB3-42A4-B6B1-E75A73B6C920} = {ADF6BF1F-D0D7-462D-AB68-EA852C2F67E5}
		{AA1D71AB-D8B3-4450-A068-BA77D169F289} = {23D96302-91BF-40F0-A372-C288A919A7D4}
		{5CABB53A-798E-4725-B755-18A60ECC5D31} = {7E8C8722-21B6-4A9E-8289-7751D9A4581F}
		{75814AC9-8E36-4CDF-8697-D800A143411A} = {23D96302-91BF-40F0-A372-C288A919A7D4}
		{FA632557-8F3E-492B-8DA3-D2686938FBC8} = {23D96302-91BF-40F0-A372-C288A919A7D4}
	EndGlobalSection
EndGlobal
