
Microsoft Visual Studio Solution File, Format Version 12.00
# Visual Studio 15
VisualStudioVersion = 15.0.27130.2010
MinimumVisualStudioVersion = 10.0.40219.1
Project("{FAE04EC0-301F-11D3-BF4B-00C04F79EFBC}") = "Digst.OioIdws.Soap", "Source\Digst.OioIdws.Soap\Digst.OioIdws.Soap.csproj", "{1DC7EA39-865D-4386-A814-9062441056FE}"
EndProject
Project("{FAE04EC0-301F-11D3-BF4B-00C04F79EFBC}") = "Digst.OioIdws.Wsp", "Source\Digst.OioIdws.Wsp\Digst.OioIdws.Wsp.csproj", "{BB72FF55-203D-4908-A396-1BF223473F3D}"
EndProject
Project("{2150E333-8FDC-42A3-9474-1A3956D46DE8}") = "Source", "Source", "{0F04E164-8FAA-4DC7-AC3D-4EA585E7BB94}"
EndProject
Project("{2150E333-8FDC-42A3-9474-1A3956D46DE8}") = "Test", "Test", "{23D96302-91BF-40F0-A372-C288A919A7D4}"
EndProject
Project("{2150E333-8FDC-42A3-9474-1A3956D46DE8}") = "Examples", "Examples", "{7E8C8722-21B6-4A9E-8289-7751D9A4581F}"
EndProject
Project("{FAE04EC0-301F-11D3-BF4B-00C04F79EFBC}") = "Digst.OioIdws.Wsc", "Source\Digst.OioIdws.Wsc\Digst.OioIdws.Wsc.csproj", "{43DC7EFC-447D-4D7D-A497-5CC7C60A006D}"
EndProject
Project("{FAE04EC0-301F-11D3-BF4B-00C04F79EFBC}") = "Digst.OioIdws.Common", "Source\Digst.OioIdws.Common\Digst.OioIdws.Common.csproj", "{90C95503-CDA6-46E1-91AF-3A52D04DBCC3}"
EndProject
Project("{FAE04EC0-301F-11D3-BF4B-00C04F79EFBC}") = "Digst.OioIdws.Rest.Server", "Source\Digst.OioIdws.Rest.Server\Digst.OioIdws.Rest.Server.csproj", "{D97CEB63-1139-4DC3-B630-67E823376326}"
EndProject
Project("{FAE04EC0-301F-11D3-BF4B-00C04F79EFBC}") = "Digst.OioIdws.Rest.Common", "Source\Digst.OioIdws.Rest.Common\Digst.OioIdws.Rest.Common.csproj", "{B367BF97-79F3-4BBA-8A2F-9A21FFDF9950}"
EndProject
Project("{FAE04EC0-301F-11D3-BF4B-00C04F79EFBC}") = "Digst.OioIdws.Rest.Server.Test", "Tests\Digst.OioIdws.Rest.Server.Test\Digst.OioIdws.Rest.Server.Test.csproj", "{43C0B539-7E33-48AB-AE35-98B3D1834782}"
EndProject
Project("{FAE04EC0-301F-11D3-BF4B-00C04F79EFBC}") = "Digst.OioIdws.Rest.Client", "source\Digst.OioIdws.Rest.Client\Digst.OioIdws.Rest.Client.csproj", "{7E94185F-75DA-4E26-80CD-D3BDA207FE5F}"
EndProject
Project("{FAE04EC0-301F-11D3-BF4B-00C04F79EFBC}") = "Digst.OioIdws.OioWsTrust", "Source\Digst.OioIdws.OioWsTrust\Digst.OioIdws.OioWsTrust.csproj", "{021345B3-85F0-4AE3-9989-DC96772C7799}"
EndProject
Project("{FAE04EC0-301F-11D3-BF4B-00C04F79EFBC}") = "Digst.OioIdws.Common.Utils", "Tests\Digst.OioIdws.Common.Utils\Digst.OioIdws.Common.Utils.csproj", "{17CD5683-886B-4856-82B0-25BD99172764}"
EndProject
Project("{2150E333-8FDC-42A3-9474-1A3956D46DE8}") = "Nuget", "Nuget", "{ADF6BF1F-D0D7-462D-AB68-EA852C2F67E5}"
EndProject
Project("{FAE04EC0-301F-11D3-BF4B-00C04F79EFBC}") = "Digst.OioIdws.Rest.System.Test", "Tests\Digst.OioIdws.Rest.System.Test\Digst.OioIdws.Rest.System.Test.csproj", "{AA1D71AB-D8B3-4450-A068-BA77D169F289}"
EndProject
Project("{FAE04EC0-301F-11D3-BF4B-00C04F79EFBC}") = "Digst.OioIdws.Soap.Basic.Test", "Tests\Digst.OioIdws.Soap.Basic.Test\Digst.OioIdws.Soap.Basic.Test.csproj", "{75814AC9-8E36-4CDF-8697-D800A143411A}"
EndProject
Project("{FAE04EC0-301F-11D3-BF4B-00C04F79EFBC}") = "Digst.OioIdws.Soap.TimeLongRunning.Test", "Tests\Digst.OioIdws.Soap.TimeLongRunning.Test\Digst.OioIdws.Soap.TimeLongRunning.Test.csproj", "{FA632557-8F3E-492B-8DA3-D2686938FBC8}"
EndProject
Project("{FAE04EC0-301F-11D3-BF4B-00C04F79EFBC}") = "Digst.OioIdws.Wsp.Wsdl", "Source\Digst.OioIdws.Wsp.Wsdl\Digst.OioIdws.Wsp.Wsdl.csproj", "{4535C5E6-A44E-4952-8EDB-BA207B16B8A8}"
EndProject
Project("{FAE04EC0-301F-11D3-BF4B-00C04F79EFBC}") = "Digst.OioIdws.Soap.Cross.Test", "Tests\Digst.OioIdws.Soap.Cross.Test\Digst.OioIdws.Soap.Cross.Test.csproj", "{E1A64435-4BD1-43DC-846F-EA957CDAA86E}"
EndProject
Project("{FAE04EC0-301F-11D3-BF4B-00C04F79EFBC}") = "Digst.OioIdws.Trust.Basic.Test", "Tests\Digst.OioIdws.Trust.Basic.Test\Digst.OioIdws.Trust.Basic.Test.csproj", "{CF559EA8-CA06-44FC-8629-F36031DE99CD}"
EndProject
Project("{FAE04EC0-301F-11D3-BF4B-00C04F79EFBC}") = "Digst.OioIdws.Trust.TimeLongRunning.Test", "Tests\Digst.OioIdws.Trust.TimeLongRunning.Test\Digst.OioIdws.Trust.TimeLongRunning.Test.csproj", "{9DD12049-1C6B-4155-A8A7-7ED495B8212C}"
EndProject
Project("{FAE04EC0-301F-11D3-BF4B-00C04F79EFBC}") = "Digst.OioIdws.Trust.Configuration.Test", "Tests\Digst.OioIdws.Trust.Configuration.Test\Digst.OioIdws.Trust.Configuration.Test.csproj", "{F37D0218-04F7-49A4-B927-21EF331EB154}"
EndProject
Project("{FAE04EC0-301F-11D3-BF4B-00C04F79EFBC}") = "Digst.OioIdws.Trust.Signature.Test", "Tests\Digst.OioIdws.Trust.Signature.Test\Digst.OioIdws.Trust.Signature.Test.csproj", "{DE638799-D4E6-499F-9669-0D6348747C07}"
EndProject
Project("{2150E333-8FDC-42A3-9474-1A3956D46DE8}") = "Healthcare", "Healthcare", "{7BF289E9-ABFE-4CE0-9678-36745BC96C90}"
	ProjectSection(SolutionItems) = preProject
		Examples\Healthcare\ReadMe.md = Examples\Healthcare\ReadMe.md
	EndProjectSection
EndProject
Project("{FAE04EC0-301F-11D3-BF4B-00C04F79EFBC}") = "Digst.OioIdws.SamlAttributes", "Source\Digst.OioIdws.SamlAttributes\Digst.OioIdws.SamlAttributes.csproj", "{407473C6-0D67-4158-A2A6-0A774819FF2B}"
EndProject
Project("{FAE04EC0-301F-11D3-BF4B-00C04F79EFBC}") = "Digst.OioIdws.SamlAttributes.Healthcare.Test", "Tests\Digst.OioIdws.SamlAttributes.Healthcare.Test\Digst.OioIdws.SamlAttributes.Healthcare.Test.csproj", "{A01DAAC8-ACD7-415E-B17C-C6E12F5BE8D7}"
EndProject
Project("{FAE04EC0-301F-11D3-BF4B-00C04F79EFBC}") = "Digst.OioIdws.SamlAttributes.Oio.Test", "Tests\Digst.OioIdws.SamlAttributes.Oio.Test\Digst.OioIdws.SamlAttributes.Oio.Test.csproj", "{FCA585F0-A2CB-4681-B21B-38E45EBA3EE6}"
EndProject
Project("{FAE04EC0-301F-11D3-BF4B-00C04F79EFBC}") = "Digst.OioIdws.SamlAttributes.Test", "Tests\Digst.OioIdws.SamlAttributes.Test\Digst.OioIdws.SamlAttributes.Test.csproj", "{3C8C472D-6360-46BB-9247-899F6F121D20}"
EndProject
Project("{2150E333-8FDC-42A3-9474-1A3956D46DE8}") = "Solution Items", "Solution Items", "{C1275603-809A-4219-92C6-94486A46B4A8}"
	ProjectSection(SolutionItems) = preProject
		DEVELOPER-NOTES.md = DEVELOPER-NOTES.md
		README.md = README.md
	EndProjectSection
EndProject
Project("{FAE04EC0-301F-11D3-BF4B-00C04F79EFBC}") = "Digst.OioIdws.Soap.Cross.Healthcare.Test", "Tests\Digst.OioIdws.Soap.Cross.Healthcare.Test\Digst.OioIdws.Soap.Cross.Healthcare.Test.csproj", "{8CA4EE09-74F0-4FCF-989D-45F43CE82E90}"
EndProject
Project("{FAE04EC0-301F-11D3-BF4B-00C04F79EFBC}") = "Digst.OioIdws.Soap.Basic.Healthcare.Test", "Tests\Digst.OioIdws.Soap.Basic.Healthcare.Test\Digst.OioIdws.Soap.Basic.Healthcare.Test.csproj", "{8C3CF60B-ADBA-443F-9A94-381FDC3D7C98}"
EndProject
Project("{FAE04EC0-301F-11D3-BF4B-00C04F79EFBC}") = "Digst.OioIdws.Saml2SecurityToken", "Source\Digst.OioIdws.Saml2SecurityToken\Digst.OioIdws.Saml2SecurityToken.csproj", "{34DD0A77-9DE1-464F-818C-1A9645E7B1C5}"
EndProject
Project("{FAE04EC0-301F-11D3-BF4B-00C04F79EFBC}") = "Digst.OioIdws.TestDoubles", "Tests\Digst.OioIdws.TestDoubles\Digst.OioIdws.TestDoubles.csproj", "{E1AACA2D-9E79-4CF2-8348-8DD7D4B5CF58}"
EndProject
Project("{FAE04EC0-301F-11D3-BF4B-00C04F79EFBC}") = "Digst.OioIdws.TestDoubles.Test", "Tests\Digst.OioIdws.TestDoubles\Digst.OioIdws.TestDoubles.Test\Digst.OioIdws.TestDoubles.Test.csproj", "{2703D266-F94A-4CFC-861C-B25ED38B21C3}"
EndProject
Project("{FAE04EC0-301F-11D3-BF4B-00C04F79EFBC}") = "Digst.OioIdws.Healthcare.Common", "Source\Digst.OioIdws.Healthcare.Common\Digst.OioIdws.Healthcare.Common.csproj", "{F320D640-09D1-47F9-ABFE-216C3488AAF1}"
EndProject
Project("{FAE04EC0-301F-11D3-BF4B-00C04F79EFBC}") = "Digst.OioIdws.Healthcare.Scenarios.Test", "Test\Digst.OioIdws.Healthcare.Scenarios.Test\Digst.OioIdws.Healthcare.Scenarios.Test.csproj", "{EA97C0FB-0E5F-4D4F-BE1B-9DE80BABF60A}"
EndProject
Project("{FAE04EC0-301F-11D3-BF4B-00C04F79EFBC}") = "Digst.OioIdws.Healthcare.SamlAttributes", "Source\Digst.OioIdws.Healthcare.SamlAttributes\Digst.OioIdws.Healthcare.SamlAttributes.csproj", "{DBD54382-4C53-42D4-B9D7-3CE76AB4EE42}"
EndProject
Project("{FAE04EC0-301F-11D3-BF4B-00C04F79EFBC}") = "Digst.OioIdws.Healthcare.Wsc", "Source\Digst.OioIdws.Healthcare.Wsc\Digst.OioIdws.Healthcare.Wsc.csproj", "{81C70494-FA3F-4D93-A10C-AAF339C61EC4}"
EndProject
Project("{FAE04EC0-301F-11D3-BF4B-00C04F79EFBC}") = "Digst.OioIdws.Healthcare.Sts", "Source\Digst.OioIdws.Healthcare.Sts\Digst.OioIdws.Healthcare.Sts.csproj", "{A5B59228-C64A-4B4D-B605-B7F5388F1F39}"
EndProject
Project("{2150E333-8FDC-42A3-9474-1A3956D46DE8}") = "Soap", "Soap", "{8C1DBC58-1021-434C-BB85-0EFA68C60139}"
EndProject
Project("{2150E333-8FDC-42A3-9474-1A3956D46DE8}") = "Rest", "Rest", "{076A8218-81E0-43B2-8685-0100989B05CC}"
EndProject
Project("{2150E333-8FDC-42A3-9474-1A3956D46DE8}") = "Java", "Java", "{37777301-2581-435B-98A5-3361FAB8AEEB}"
	ProjectSection(SolutionItems) = preProject
		Examples\Java\Guide to use .NET WSP (+custom WSDL) and Java WSC.html = Examples\Java\Guide to use .NET WSP (+custom WSDL) and Java WSC.html
		Examples\Java\Guide to use .NET WSP (+custom WSDL) and Java WSC.md = Examples\Java\Guide to use .NET WSP (+custom WSDL) and Java WSC.md
		Examples\Java\Guide to use Java WSP and .NET WSC.html = Examples\Java\Guide to use Java WSP and .NET WSC.html
		Examples\Java\Guide to use Java WSP and .NET WSC.md = Examples\Java\Guide to use Java WSP and .NET WSC.md
	EndProjectSection
EndProject
Project("{FAE04EC0-301F-11D3-BF4B-00C04F79EFBC}") = "Healthcare.ClientServerExample.Backend", "Examples\Healthcare\Healthcare.ClientServerExample.Backend\Healthcare.ClientServerExample.Backend.csproj", "{75AB0CC2-D7B4-433C-9CC5-36CAFCA76E59}"
EndProject
Project("{FAE04EC0-301F-11D3-BF4B-00C04F79EFBC}") = "Healthcare.ClientServerExample.Frontend", "Examples\Healthcare\Healthcare.ClientServerExample.Frontend\Healthcare.ClientServerExample.Frontend.csproj", "{BD61E723-8740-4EB8-8BA1-EED3AA3A6764}"
EndProject
Project("{FAE04EC0-301F-11D3-BF4B-00C04F79EFBC}") = "Healthcare.ClientServerExample.Contracts", "Examples\Healthcare\Healthcare.ClientServerExample.Contracts\Healthcare.ClientServerExample.Contracts.csproj", "{6BBD9730-7B28-449D-954E-B093C4D791AF}"
EndProject
Project("{FAE04EC0-301F-11D3-BF4B-00C04F79EFBC}") = "Healthcare.StandaloneWscExample", "Examples\Healthcare\Healthcare.StandaloneWscExample\Healthcare.StandaloneWscExample.csproj", "{9F0D69B1-9B07-4647-8944-132C752B16E8}"
EndProject
Project("{FAE04EC0-301F-11D3-BF4B-00C04F79EFBC}") = "Healthcare.WebWscExample", "Examples\Healthcare\Healthcare.WebWscExample\Healthcare.WebWscExample.csproj", "{DF66AFEB-819B-4630-AF65-B713D96289D8}"
EndProject
Project("{FAE04EC0-301F-11D3-BF4B-00C04F79EFBC}") = "Healthcare.WspExample", "Examples\Healthcare\Healthcare.WspExample\Healthcare.WspExample.csproj", "{DBE14C50-B313-46F8-8D6F-79DB3E1B22FD}"
EndProject
Project("{FAE04EC0-301F-11D3-BF4B-00C04F79EFBC}") = "HelloService", "Examples\Common\HelloService\HelloService.csproj", "{421F3DFC-E69D-45E7-B27B-394F671046BF}"
EndProject
Project("{2150E333-8FDC-42A3-9474-1A3956D46DE8}") = "Common", "Common", "{05E79780-24FB-4ED9-9F38-4D742BEB6617}"
EndProject
Project("{FAE04EC0-301F-11D3-BF4B-00C04F79EFBC}") = "Digst.OioIdws.Rest.Examples.ClientNuget", "Examples\Nuget\Digst.OioIdws.Rest.Examples.ClientNuget\Digst.OioIdws.Rest.Examples.ClientNuget.csproj", "{7B85283D-EAB3-42A4-B6B1-E75A73B6C920}"
EndProject
Project("{FAE04EC0-301F-11D3-BF4B-00C04F79EFBC}") = "Digst.OioIdws.Rest.Examples.ServerAndASCombinedNuget", "Examples\Nuget\Digst.OioIdws.Rest.Examples.ServerAndASCombinedNuget\Digst.OioIdws.Rest.Examples.ServerAndASCombinedNuget.csproj", "{3EC07E91-4AE4-4D2C-BE73-F10E2A86DAC4}"
EndProject
Project("{FAE04EC0-301F-11D3-BF4B-00C04F79EFBC}") = "Digst.OioIdws.WscExampleNuGet", "Examples\Nuget\Digst.OioIdws.WscExampleNuGet\Digst.OioIdws.WscExampleNuGet.csproj", "{FA66D521-334E-4325-97FD-42C31C02B4C1}"
EndProject
Project("{FAE04EC0-301F-11D3-BF4B-00C04F79EFBC}") = "Digst.OioIdws.WspExampleNuGet", "Examples\Nuget\Digst.OioIdws.WspExampleNuGet\Digst.OioIdws.WspExampleNuGet.csproj", "{53A3D5C4-D334-469B-AD77-1FE1919EFC43}"
EndProject
Project("{FAE04EC0-301F-11D3-BF4B-00C04F79EFBC}") = "Rest.Examples.AS", "Examples\Rest\Rest.Examples.AS\Rest.Examples.AS.csproj", "{42A3CEC6-00FF-4BB9-916D-BFCE85DCCC88}"
EndProject
Project("{FAE04EC0-301F-11D3-BF4B-00C04F79EFBC}") = "Rest.Examples.Client", "Examples\Rest\Rest.Examples.Client\Rest.Examples.Client.csproj", "{7FFD3B1F-CD9A-458F-AE7C-A6AD118225A3}"
EndProject
Project("{FAE04EC0-301F-11D3-BF4B-00C04F79EFBC}") = "Rest.Examples.Server", "Examples\Rest\Rest.Examples.Server\Rest.Examples.Server.csproj", "{0C7B6D2D-4192-422C-AB73-DFF75ACB07C3}"
EndProject
Project("{FAE04EC0-301F-11D3-BF4B-00C04F79EFBC}") = "Rest.Examples.ServerAndASCombined", "Examples\Rest\Rest.Examples.ServerAndASCombined\Rest.Examples.ServerAndASCombined.csproj", "{C89A6EC3-7DD3-47EE-9C51-0A3A6BC25904}"
EndProject
Project("{FAE04EC0-301F-11D3-BF4B-00C04F79EFBC}") = "Soap.StandaloneWscExample", "Examples\Soap\Soap.StandaloneWscExample\Soap.StandaloneWscExample.csproj", "{B01A7909-4172-49DB-8DBB-B6949BC1122F}"
EndProject
Project("{FAE04EC0-301F-11D3-BF4B-00C04F79EFBC}") = "Soap.WebWscExample", "Examples\Soap\Soap.WebWscExample\Soap.WebWscExample.csproj", "{5CABB53A-798E-4725-B755-18A60ECC5D31}"
EndProject
Project("{FAE04EC0-301F-11D3-BF4B-00C04F79EFBC}") = "Soap.WscExampleConfByCode", "Examples\Soap\Soap.WscExampleConfByCode\Soap.WscExampleConfByCode.csproj", "{9411494F-51AE-4FEE-8CBB-8D9A1B418920}"
EndProject
Project("{FAE04EC0-301F-11D3-BF4B-00C04F79EFBC}") = "Soap.WspExample", "Examples\Soap\Soap.WspExample\Soap.WspExample.csproj", "{5B3CA328-4AFC-4F8E-BE25-75AACCFF5D54}"
EndProject
Project("{2150E333-8FDC-42A3-9474-1A3956D46DE8}") = "Healthcare", "Healthcare", "{E92377E6-5B2D-4F83-8EBF-27D2EDF851C4}"
EndProject
Project("{FAE04EC0-301F-11D3-BF4B-00C04F79EFBC}") = "Digst.OioIdws.Examples.Nuget.Healthcare.Standalone", "Examples\Nuget\Healthcare\Digst.OioIdws.Examples.Nuget.Healthcare.Standalone\Digst.OioIdws.Examples.Nuget.Healthcare.Standalone.csproj", "{EF01115A-7D38-4E23-87F4-06CD2C3E661E}"
EndProject
Project("{FAE04EC0-301F-11D3-BF4B-00C04F79EFBC}") = "Digst.OioIdws.SecurityTokenService.Test", "Tests\Digst.OioIdws.SecurityTokenService.Test\Digst.OioIdws.SecurityTokenService.Test.csproj", "{7ACE75DC-5D42-4C3F-9D92-66AC61E5AFD8}"
EndProject
Global
	GlobalSection(SolutionConfigurationPlatforms) = preSolution
		Debug|Any CPU = Debug|Any CPU
		Debug|x64 = Debug|x64
		MSI|Any CPU = MSI|Any CPU
		MSI|x64 = MSI|x64
		Release|Any CPU = Release|Any CPU
		Release|x64 = Release|x64
		Release64|Any CPU = Release64|Any CPU
		Release64|x64 = Release64|x64
	EndGlobalSection
	GlobalSection(ProjectConfigurationPlatforms) = postSolution
		{1DC7EA39-865D-4386-A814-9062441056FE}.Debug|Any CPU.ActiveCfg = Debug|Any CPU
		{1DC7EA39-865D-4386-A814-9062441056FE}.Debug|Any CPU.Build.0 = Debug|Any CPU
		{1DC7EA39-865D-4386-A814-9062441056FE}.Debug|x64.ActiveCfg = Debug|Any CPU
		{1DC7EA39-865D-4386-A814-9062441056FE}.Debug|x64.Build.0 = Debug|Any CPU
		{1DC7EA39-865D-4386-A814-9062441056FE}.MSI|Any CPU.ActiveCfg = Release|Any CPU
		{1DC7EA39-865D-4386-A814-9062441056FE}.MSI|Any CPU.Build.0 = Release|Any CPU
		{1DC7EA39-865D-4386-A814-9062441056FE}.MSI|x64.ActiveCfg = Release|Any CPU
		{1DC7EA39-865D-4386-A814-9062441056FE}.MSI|x64.Build.0 = Release|Any CPU
		{1DC7EA39-865D-4386-A814-9062441056FE}.Release|Any CPU.ActiveCfg = Release|Any CPU
		{1DC7EA39-865D-4386-A814-9062441056FE}.Release|Any CPU.Build.0 = Release|Any CPU
		{1DC7EA39-865D-4386-A814-9062441056FE}.Release|x64.ActiveCfg = Release|Any CPU
		{1DC7EA39-865D-4386-A814-9062441056FE}.Release|x64.Build.0 = Release|Any CPU
		{1DC7EA39-865D-4386-A814-9062441056FE}.Release64|Any CPU.ActiveCfg = Release|Any CPU
		{1DC7EA39-865D-4386-A814-9062441056FE}.Release64|Any CPU.Build.0 = Release|Any CPU
		{1DC7EA39-865D-4386-A814-9062441056FE}.Release64|x64.ActiveCfg = Release|Any CPU
		{1DC7EA39-865D-4386-A814-9062441056FE}.Release64|x64.Build.0 = Release|Any CPU
		{BB72FF55-203D-4908-A396-1BF223473F3D}.Debug|Any CPU.ActiveCfg = Debug|Any CPU
		{BB72FF55-203D-4908-A396-1BF223473F3D}.Debug|Any CPU.Build.0 = Debug|Any CPU
		{BB72FF55-203D-4908-A396-1BF223473F3D}.Debug|x64.ActiveCfg = Debug|Any CPU
		{BB72FF55-203D-4908-A396-1BF223473F3D}.Debug|x64.Build.0 = Debug|Any CPU
		{BB72FF55-203D-4908-A396-1BF223473F3D}.MSI|Any CPU.ActiveCfg = Release|Any CPU
		{BB72FF55-203D-4908-A396-1BF223473F3D}.MSI|Any CPU.Build.0 = Release|Any CPU
		{BB72FF55-203D-4908-A396-1BF223473F3D}.MSI|x64.ActiveCfg = Release|Any CPU
		{BB72FF55-203D-4908-A396-1BF223473F3D}.MSI|x64.Build.0 = Release|Any CPU
		{BB72FF55-203D-4908-A396-1BF223473F3D}.Release|Any CPU.ActiveCfg = Release|Any CPU
		{BB72FF55-203D-4908-A396-1BF223473F3D}.Release|Any CPU.Build.0 = Release|Any CPU
		{BB72FF55-203D-4908-A396-1BF223473F3D}.Release|x64.ActiveCfg = Release|Any CPU
		{BB72FF55-203D-4908-A396-1BF223473F3D}.Release|x64.Build.0 = Release|Any CPU
		{BB72FF55-203D-4908-A396-1BF223473F3D}.Release64|Any CPU.ActiveCfg = Release|Any CPU
		{BB72FF55-203D-4908-A396-1BF223473F3D}.Release64|Any CPU.Build.0 = Release|Any CPU
		{BB72FF55-203D-4908-A396-1BF223473F3D}.Release64|x64.ActiveCfg = Release|Any CPU
		{BB72FF55-203D-4908-A396-1BF223473F3D}.Release64|x64.Build.0 = Release|Any CPU
		{43DC7EFC-447D-4D7D-A497-5CC7C60A006D}.Debug|Any CPU.ActiveCfg = Debug|Any CPU
		{43DC7EFC-447D-4D7D-A497-5CC7C60A006D}.Debug|Any CPU.Build.0 = Debug|Any CPU
		{43DC7EFC-447D-4D7D-A497-5CC7C60A006D}.Debug|x64.ActiveCfg = Debug|Any CPU
		{43DC7EFC-447D-4D7D-A497-5CC7C60A006D}.Debug|x64.Build.0 = Debug|Any CPU
		{43DC7EFC-447D-4D7D-A497-5CC7C60A006D}.MSI|Any CPU.ActiveCfg = Release|Any CPU
		{43DC7EFC-447D-4D7D-A497-5CC7C60A006D}.MSI|Any CPU.Build.0 = Release|Any CPU
		{43DC7EFC-447D-4D7D-A497-5CC7C60A006D}.MSI|x64.ActiveCfg = Release|Any CPU
		{43DC7EFC-447D-4D7D-A497-5CC7C60A006D}.MSI|x64.Build.0 = Release|Any CPU
		{43DC7EFC-447D-4D7D-A497-5CC7C60A006D}.Release|Any CPU.ActiveCfg = Release|Any CPU
		{43DC7EFC-447D-4D7D-A497-5CC7C60A006D}.Release|Any CPU.Build.0 = Release|Any CPU
		{43DC7EFC-447D-4D7D-A497-5CC7C60A006D}.Release|x64.ActiveCfg = Release|Any CPU
		{43DC7EFC-447D-4D7D-A497-5CC7C60A006D}.Release|x64.Build.0 = Release|Any CPU
		{43DC7EFC-447D-4D7D-A497-5CC7C60A006D}.Release64|Any CPU.ActiveCfg = Release|Any CPU
		{43DC7EFC-447D-4D7D-A497-5CC7C60A006D}.Release64|Any CPU.Build.0 = Release|Any CPU
		{43DC7EFC-447D-4D7D-A497-5CC7C60A006D}.Release64|x64.ActiveCfg = Release|Any CPU
		{43DC7EFC-447D-4D7D-A497-5CC7C60A006D}.Release64|x64.Build.0 = Release|Any CPU
		{90C95503-CDA6-46E1-91AF-3A52D04DBCC3}.Debug|Any CPU.ActiveCfg = Debug|Any CPU
		{90C95503-CDA6-46E1-91AF-3A52D04DBCC3}.Debug|Any CPU.Build.0 = Debug|Any CPU
		{90C95503-CDA6-46E1-91AF-3A52D04DBCC3}.Debug|x64.ActiveCfg = Debug|Any CPU
		{90C95503-CDA6-46E1-91AF-3A52D04DBCC3}.Debug|x64.Build.0 = Debug|Any CPU
		{90C95503-CDA6-46E1-91AF-3A52D04DBCC3}.MSI|Any CPU.ActiveCfg = Release|Any CPU
		{90C95503-CDA6-46E1-91AF-3A52D04DBCC3}.MSI|Any CPU.Build.0 = Release|Any CPU
		{90C95503-CDA6-46E1-91AF-3A52D04DBCC3}.MSI|x64.ActiveCfg = Release|Any CPU
		{90C95503-CDA6-46E1-91AF-3A52D04DBCC3}.MSI|x64.Build.0 = Release|Any CPU
		{90C95503-CDA6-46E1-91AF-3A52D04DBCC3}.Release|Any CPU.ActiveCfg = Release|Any CPU
		{90C95503-CDA6-46E1-91AF-3A52D04DBCC3}.Release|Any CPU.Build.0 = Release|Any CPU
		{90C95503-CDA6-46E1-91AF-3A52D04DBCC3}.Release|x64.ActiveCfg = Release|Any CPU
		{90C95503-CDA6-46E1-91AF-3A52D04DBCC3}.Release|x64.Build.0 = Release|Any CPU
		{90C95503-CDA6-46E1-91AF-3A52D04DBCC3}.Release64|Any CPU.ActiveCfg = Release|Any CPU
		{90C95503-CDA6-46E1-91AF-3A52D04DBCC3}.Release64|Any CPU.Build.0 = Release|Any CPU
		{90C95503-CDA6-46E1-91AF-3A52D04DBCC3}.Release64|x64.ActiveCfg = Release|Any CPU
		{90C95503-CDA6-46E1-91AF-3A52D04DBCC3}.Release64|x64.Build.0 = Release|Any CPU
		{D97CEB63-1139-4DC3-B630-67E823376326}.Debug|Any CPU.ActiveCfg = Debug|Any CPU
		{D97CEB63-1139-4DC3-B630-67E823376326}.Debug|Any CPU.Build.0 = Debug|Any CPU
		{D97CEB63-1139-4DC3-B630-67E823376326}.Debug|x64.ActiveCfg = Debug|Any CPU
		{D97CEB63-1139-4DC3-B630-67E823376326}.Debug|x64.Build.0 = Debug|Any CPU
		{D97CEB63-1139-4DC3-B630-67E823376326}.MSI|Any CPU.ActiveCfg = Release|Any CPU
		{D97CEB63-1139-4DC3-B630-67E823376326}.MSI|Any CPU.Build.0 = Release|Any CPU
		{D97CEB63-1139-4DC3-B630-67E823376326}.MSI|x64.ActiveCfg = Release|Any CPU
		{D97CEB63-1139-4DC3-B630-67E823376326}.MSI|x64.Build.0 = Release|Any CPU
		{D97CEB63-1139-4DC3-B630-67E823376326}.Release|Any CPU.ActiveCfg = Release|Any CPU
		{D97CEB63-1139-4DC3-B630-67E823376326}.Release|Any CPU.Build.0 = Release|Any CPU
		{D97CEB63-1139-4DC3-B630-67E823376326}.Release|x64.ActiveCfg = Release|Any CPU
		{D97CEB63-1139-4DC3-B630-67E823376326}.Release|x64.Build.0 = Release|Any CPU
		{D97CEB63-1139-4DC3-B630-67E823376326}.Release64|Any CPU.ActiveCfg = Release|Any CPU
		{D97CEB63-1139-4DC3-B630-67E823376326}.Release64|Any CPU.Build.0 = Release|Any CPU
		{D97CEB63-1139-4DC3-B630-67E823376326}.Release64|x64.ActiveCfg = Release|Any CPU
		{D97CEB63-1139-4DC3-B630-67E823376326}.Release64|x64.Build.0 = Release|Any CPU
		{B367BF97-79F3-4BBA-8A2F-9A21FFDF9950}.Debug|Any CPU.ActiveCfg = Debug|Any CPU
		{B367BF97-79F3-4BBA-8A2F-9A21FFDF9950}.Debug|Any CPU.Build.0 = Debug|Any CPU
		{B367BF97-79F3-4BBA-8A2F-9A21FFDF9950}.Debug|x64.ActiveCfg = Debug|Any CPU
		{B367BF97-79F3-4BBA-8A2F-9A21FFDF9950}.Debug|x64.Build.0 = Debug|Any CPU
		{B367BF97-79F3-4BBA-8A2F-9A21FFDF9950}.MSI|Any CPU.ActiveCfg = Release|Any CPU
		{B367BF97-79F3-4BBA-8A2F-9A21FFDF9950}.MSI|Any CPU.Build.0 = Release|Any CPU
		{B367BF97-79F3-4BBA-8A2F-9A21FFDF9950}.MSI|x64.ActiveCfg = Release|Any CPU
		{B367BF97-79F3-4BBA-8A2F-9A21FFDF9950}.MSI|x64.Build.0 = Release|Any CPU
		{B367BF97-79F3-4BBA-8A2F-9A21FFDF9950}.Release|Any CPU.ActiveCfg = Release|Any CPU
		{B367BF97-79F3-4BBA-8A2F-9A21FFDF9950}.Release|Any CPU.Build.0 = Release|Any CPU
		{B367BF97-79F3-4BBA-8A2F-9A21FFDF9950}.Release|x64.ActiveCfg = Release|Any CPU
		{B367BF97-79F3-4BBA-8A2F-9A21FFDF9950}.Release|x64.Build.0 = Release|Any CPU
		{B367BF97-79F3-4BBA-8A2F-9A21FFDF9950}.Release64|Any CPU.ActiveCfg = Release|Any CPU
		{B367BF97-79F3-4BBA-8A2F-9A21FFDF9950}.Release64|Any CPU.Build.0 = Release|Any CPU
		{B367BF97-79F3-4BBA-8A2F-9A21FFDF9950}.Release64|x64.ActiveCfg = Release|Any CPU
		{B367BF97-79F3-4BBA-8A2F-9A21FFDF9950}.Release64|x64.Build.0 = Release|Any CPU
		{43C0B539-7E33-48AB-AE35-98B3D1834782}.Debug|Any CPU.ActiveCfg = Debug|Any CPU
		{43C0B539-7E33-48AB-AE35-98B3D1834782}.Debug|Any CPU.Build.0 = Debug|Any CPU
		{43C0B539-7E33-48AB-AE35-98B3D1834782}.Debug|x64.ActiveCfg = Debug|Any CPU
		{43C0B539-7E33-48AB-AE35-98B3D1834782}.Debug|x64.Build.0 = Debug|Any CPU
		{43C0B539-7E33-48AB-AE35-98B3D1834782}.MSI|Any CPU.ActiveCfg = Release|Any CPU
		{43C0B539-7E33-48AB-AE35-98B3D1834782}.MSI|Any CPU.Build.0 = Release|Any CPU
		{43C0B539-7E33-48AB-AE35-98B3D1834782}.MSI|x64.ActiveCfg = Release|Any CPU
		{43C0B539-7E33-48AB-AE35-98B3D1834782}.MSI|x64.Build.0 = Release|Any CPU
		{43C0B539-7E33-48AB-AE35-98B3D1834782}.Release|Any CPU.ActiveCfg = Release|Any CPU
		{43C0B539-7E33-48AB-AE35-98B3D1834782}.Release|Any CPU.Build.0 = Release|Any CPU
		{43C0B539-7E33-48AB-AE35-98B3D1834782}.Release|x64.ActiveCfg = Release|Any CPU
		{43C0B539-7E33-48AB-AE35-98B3D1834782}.Release|x64.Build.0 = Release|Any CPU
		{43C0B539-7E33-48AB-AE35-98B3D1834782}.Release64|Any CPU.ActiveCfg = Release|Any CPU
		{43C0B539-7E33-48AB-AE35-98B3D1834782}.Release64|Any CPU.Build.0 = Release|Any CPU
		{43C0B539-7E33-48AB-AE35-98B3D1834782}.Release64|x64.ActiveCfg = Release|Any CPU
		{43C0B539-7E33-48AB-AE35-98B3D1834782}.Release64|x64.Build.0 = Release|Any CPU
		{7E94185F-75DA-4E26-80CD-D3BDA207FE5F}.Debug|Any CPU.ActiveCfg = Debug|Any CPU
		{7E94185F-75DA-4E26-80CD-D3BDA207FE5F}.Debug|Any CPU.Build.0 = Debug|Any CPU
		{7E94185F-75DA-4E26-80CD-D3BDA207FE5F}.Debug|x64.ActiveCfg = Debug|Any CPU
		{7E94185F-75DA-4E26-80CD-D3BDA207FE5F}.Debug|x64.Build.0 = Debug|Any CPU
		{7E94185F-75DA-4E26-80CD-D3BDA207FE5F}.MSI|Any CPU.ActiveCfg = Release|Any CPU
		{7E94185F-75DA-4E26-80CD-D3BDA207FE5F}.MSI|Any CPU.Build.0 = Release|Any CPU
		{7E94185F-75DA-4E26-80CD-D3BDA207FE5F}.MSI|x64.ActiveCfg = Release|Any CPU
		{7E94185F-75DA-4E26-80CD-D3BDA207FE5F}.MSI|x64.Build.0 = Release|Any CPU
		{7E94185F-75DA-4E26-80CD-D3BDA207FE5F}.Release|Any CPU.ActiveCfg = Release|Any CPU
		{7E94185F-75DA-4E26-80CD-D3BDA207FE5F}.Release|Any CPU.Build.0 = Release|Any CPU
		{7E94185F-75DA-4E26-80CD-D3BDA207FE5F}.Release|x64.ActiveCfg = Release|Any CPU
		{7E94185F-75DA-4E26-80CD-D3BDA207FE5F}.Release|x64.Build.0 = Release|Any CPU
		{7E94185F-75DA-4E26-80CD-D3BDA207FE5F}.Release64|Any CPU.ActiveCfg = Release|Any CPU
		{7E94185F-75DA-4E26-80CD-D3BDA207FE5F}.Release64|Any CPU.Build.0 = Release|Any CPU
		{7E94185F-75DA-4E26-80CD-D3BDA207FE5F}.Release64|x64.ActiveCfg = Release|Any CPU
		{7E94185F-75DA-4E26-80CD-D3BDA207FE5F}.Release64|x64.Build.0 = Release|Any CPU
		{021345B3-85F0-4AE3-9989-DC96772C7799}.Debug|Any CPU.ActiveCfg = Debug|Any CPU
		{021345B3-85F0-4AE3-9989-DC96772C7799}.Debug|Any CPU.Build.0 = Debug|Any CPU
		{021345B3-85F0-4AE3-9989-DC96772C7799}.Debug|x64.ActiveCfg = Debug|Any CPU
		{021345B3-85F0-4AE3-9989-DC96772C7799}.Debug|x64.Build.0 = Debug|Any CPU
		{021345B3-85F0-4AE3-9989-DC96772C7799}.MSI|Any CPU.ActiveCfg = Release|Any CPU
		{021345B3-85F0-4AE3-9989-DC96772C7799}.MSI|Any CPU.Build.0 = Release|Any CPU
		{021345B3-85F0-4AE3-9989-DC96772C7799}.MSI|x64.ActiveCfg = Release|Any CPU
		{021345B3-85F0-4AE3-9989-DC96772C7799}.MSI|x64.Build.0 = Release|Any CPU
		{021345B3-85F0-4AE3-9989-DC96772C7799}.Release|Any CPU.ActiveCfg = Release|Any CPU
		{021345B3-85F0-4AE3-9989-DC96772C7799}.Release|Any CPU.Build.0 = Release|Any CPU
		{021345B3-85F0-4AE3-9989-DC96772C7799}.Release|x64.ActiveCfg = Release|Any CPU
		{021345B3-85F0-4AE3-9989-DC96772C7799}.Release|x64.Build.0 = Release|Any CPU
		{021345B3-85F0-4AE3-9989-DC96772C7799}.Release64|Any CPU.ActiveCfg = Release|Any CPU
		{021345B3-85F0-4AE3-9989-DC96772C7799}.Release64|Any CPU.Build.0 = Release|Any CPU
		{021345B3-85F0-4AE3-9989-DC96772C7799}.Release64|x64.ActiveCfg = Release|Any CPU
		{021345B3-85F0-4AE3-9989-DC96772C7799}.Release64|x64.Build.0 = Release|Any CPU
		{17CD5683-886B-4856-82B0-25BD99172764}.Debug|Any CPU.ActiveCfg = Debug|Any CPU
		{17CD5683-886B-4856-82B0-25BD99172764}.Debug|Any CPU.Build.0 = Debug|Any CPU
		{17CD5683-886B-4856-82B0-25BD99172764}.Debug|x64.ActiveCfg = Debug|Any CPU
		{17CD5683-886B-4856-82B0-25BD99172764}.Debug|x64.Build.0 = Debug|Any CPU
		{17CD5683-886B-4856-82B0-25BD99172764}.MSI|Any CPU.ActiveCfg = Release|Any CPU
		{17CD5683-886B-4856-82B0-25BD99172764}.MSI|Any CPU.Build.0 = Release|Any CPU
		{17CD5683-886B-4856-82B0-25BD99172764}.MSI|x64.ActiveCfg = Release|Any CPU
		{17CD5683-886B-4856-82B0-25BD99172764}.MSI|x64.Build.0 = Release|Any CPU
		{17CD5683-886B-4856-82B0-25BD99172764}.Release|Any CPU.ActiveCfg = Release|Any CPU
		{17CD5683-886B-4856-82B0-25BD99172764}.Release|Any CPU.Build.0 = Release|Any CPU
		{17CD5683-886B-4856-82B0-25BD99172764}.Release|x64.ActiveCfg = Release|Any CPU
		{17CD5683-886B-4856-82B0-25BD99172764}.Release|x64.Build.0 = Release|Any CPU
		{17CD5683-886B-4856-82B0-25BD99172764}.Release64|Any CPU.ActiveCfg = Release|Any CPU
		{17CD5683-886B-4856-82B0-25BD99172764}.Release64|Any CPU.Build.0 = Release|Any CPU
		{17CD5683-886B-4856-82B0-25BD99172764}.Release64|x64.ActiveCfg = Release|Any CPU
		{17CD5683-886B-4856-82B0-25BD99172764}.Release64|x64.Build.0 = Release|Any CPU
		{AA1D71AB-D8B3-4450-A068-BA77D169F289}.Debug|Any CPU.ActiveCfg = Debug|Any CPU
		{AA1D71AB-D8B3-4450-A068-BA77D169F289}.Debug|Any CPU.Build.0 = Debug|Any CPU
		{AA1D71AB-D8B3-4450-A068-BA77D169F289}.Debug|x64.ActiveCfg = Debug|Any CPU
		{AA1D71AB-D8B3-4450-A068-BA77D169F289}.Debug|x64.Build.0 = Debug|Any CPU
		{AA1D71AB-D8B3-4450-A068-BA77D169F289}.MSI|Any CPU.ActiveCfg = Release|Any CPU
		{AA1D71AB-D8B3-4450-A068-BA77D169F289}.MSI|Any CPU.Build.0 = Release|Any CPU
		{AA1D71AB-D8B3-4450-A068-BA77D169F289}.MSI|x64.ActiveCfg = Release|Any CPU
		{AA1D71AB-D8B3-4450-A068-BA77D169F289}.MSI|x64.Build.0 = Release|Any CPU
		{AA1D71AB-D8B3-4450-A068-BA77D169F289}.Release|Any CPU.ActiveCfg = Release|Any CPU
		{AA1D71AB-D8B3-4450-A068-BA77D169F289}.Release|Any CPU.Build.0 = Release|Any CPU
		{AA1D71AB-D8B3-4450-A068-BA77D169F289}.Release|x64.ActiveCfg = Release|Any CPU
		{AA1D71AB-D8B3-4450-A068-BA77D169F289}.Release|x64.Build.0 = Release|Any CPU
		{AA1D71AB-D8B3-4450-A068-BA77D169F289}.Release64|Any CPU.ActiveCfg = Release|Any CPU
		{AA1D71AB-D8B3-4450-A068-BA77D169F289}.Release64|Any CPU.Build.0 = Release|Any CPU
		{AA1D71AB-D8B3-4450-A068-BA77D169F289}.Release64|x64.ActiveCfg = Release|Any CPU
		{AA1D71AB-D8B3-4450-A068-BA77D169F289}.Release64|x64.Build.0 = Release|Any CPU
		{75814AC9-8E36-4CDF-8697-D800A143411A}.Debug|Any CPU.ActiveCfg = Debug|Any CPU
		{75814AC9-8E36-4CDF-8697-D800A143411A}.Debug|Any CPU.Build.0 = Debug|Any CPU
		{75814AC9-8E36-4CDF-8697-D800A143411A}.Debug|x64.ActiveCfg = Debug|Any CPU
		{75814AC9-8E36-4CDF-8697-D800A143411A}.Debug|x64.Build.0 = Debug|Any CPU
		{75814AC9-8E36-4CDF-8697-D800A143411A}.MSI|Any CPU.ActiveCfg = Release|Any CPU
		{75814AC9-8E36-4CDF-8697-D800A143411A}.MSI|Any CPU.Build.0 = Release|Any CPU
		{75814AC9-8E36-4CDF-8697-D800A143411A}.MSI|x64.ActiveCfg = Release|Any CPU
		{75814AC9-8E36-4CDF-8697-D800A143411A}.MSI|x64.Build.0 = Release|Any CPU
		{75814AC9-8E36-4CDF-8697-D800A143411A}.Release|Any CPU.ActiveCfg = Release|Any CPU
		{75814AC9-8E36-4CDF-8697-D800A143411A}.Release|Any CPU.Build.0 = Release|Any CPU
		{75814AC9-8E36-4CDF-8697-D800A143411A}.Release|x64.ActiveCfg = Release|Any CPU
		{75814AC9-8E36-4CDF-8697-D800A143411A}.Release|x64.Build.0 = Release|Any CPU
		{75814AC9-8E36-4CDF-8697-D800A143411A}.Release64|Any CPU.ActiveCfg = Release|Any CPU
		{75814AC9-8E36-4CDF-8697-D800A143411A}.Release64|Any CPU.Build.0 = Release|Any CPU
		{75814AC9-8E36-4CDF-8697-D800A143411A}.Release64|x64.ActiveCfg = Release|Any CPU
		{75814AC9-8E36-4CDF-8697-D800A143411A}.Release64|x64.Build.0 = Release|Any CPU
		{FA632557-8F3E-492B-8DA3-D2686938FBC8}.Debug|Any CPU.ActiveCfg = Debug|Any CPU
		{FA632557-8F3E-492B-8DA3-D2686938FBC8}.Debug|Any CPU.Build.0 = Debug|Any CPU
		{FA632557-8F3E-492B-8DA3-D2686938FBC8}.Debug|x64.ActiveCfg = Debug|Any CPU
		{FA632557-8F3E-492B-8DA3-D2686938FBC8}.Debug|x64.Build.0 = Debug|Any CPU
		{FA632557-8F3E-492B-8DA3-D2686938FBC8}.MSI|Any CPU.ActiveCfg = Release|Any CPU
		{FA632557-8F3E-492B-8DA3-D2686938FBC8}.MSI|Any CPU.Build.0 = Release|Any CPU
		{FA632557-8F3E-492B-8DA3-D2686938FBC8}.MSI|x64.ActiveCfg = Release|Any CPU
		{FA632557-8F3E-492B-8DA3-D2686938FBC8}.MSI|x64.Build.0 = Release|Any CPU
		{FA632557-8F3E-492B-8DA3-D2686938FBC8}.Release|Any CPU.ActiveCfg = Release|Any CPU
		{FA632557-8F3E-492B-8DA3-D2686938FBC8}.Release|Any CPU.Build.0 = Release|Any CPU
		{FA632557-8F3E-492B-8DA3-D2686938FBC8}.Release|x64.ActiveCfg = Release|Any CPU
		{FA632557-8F3E-492B-8DA3-D2686938FBC8}.Release|x64.Build.0 = Release|Any CPU
		{FA632557-8F3E-492B-8DA3-D2686938FBC8}.Release64|Any CPU.ActiveCfg = Release|Any CPU
		{FA632557-8F3E-492B-8DA3-D2686938FBC8}.Release64|Any CPU.Build.0 = Release|Any CPU
		{FA632557-8F3E-492B-8DA3-D2686938FBC8}.Release64|x64.ActiveCfg = Release|Any CPU
		{FA632557-8F3E-492B-8DA3-D2686938FBC8}.Release64|x64.Build.0 = Release|Any CPU
		{4535C5E6-A44E-4952-8EDB-BA207B16B8A8}.Debug|Any CPU.ActiveCfg = Debug|Any CPU
		{4535C5E6-A44E-4952-8EDB-BA207B16B8A8}.Debug|Any CPU.Build.0 = Debug|Any CPU
		{4535C5E6-A44E-4952-8EDB-BA207B16B8A8}.Debug|x64.ActiveCfg = Debug|Any CPU
		{4535C5E6-A44E-4952-8EDB-BA207B16B8A8}.Debug|x64.Build.0 = Debug|Any CPU
		{4535C5E6-A44E-4952-8EDB-BA207B16B8A8}.MSI|Any CPU.ActiveCfg = Release|Any CPU
		{4535C5E6-A44E-4952-8EDB-BA207B16B8A8}.MSI|Any CPU.Build.0 = Release|Any CPU
		{4535C5E6-A44E-4952-8EDB-BA207B16B8A8}.MSI|x64.ActiveCfg = Release|Any CPU
		{4535C5E6-A44E-4952-8EDB-BA207B16B8A8}.MSI|x64.Build.0 = Release|Any CPU
		{4535C5E6-A44E-4952-8EDB-BA207B16B8A8}.Release|Any CPU.ActiveCfg = Release|Any CPU
		{4535C5E6-A44E-4952-8EDB-BA207B16B8A8}.Release|Any CPU.Build.0 = Release|Any CPU
		{4535C5E6-A44E-4952-8EDB-BA207B16B8A8}.Release|x64.ActiveCfg = Release|Any CPU
		{4535C5E6-A44E-4952-8EDB-BA207B16B8A8}.Release|x64.Build.0 = Release|Any CPU
		{4535C5E6-A44E-4952-8EDB-BA207B16B8A8}.Release64|Any CPU.ActiveCfg = Release|Any CPU
		{4535C5E6-A44E-4952-8EDB-BA207B16B8A8}.Release64|Any CPU.Build.0 = Release|Any CPU
		{4535C5E6-A44E-4952-8EDB-BA207B16B8A8}.Release64|x64.ActiveCfg = Release|Any CPU
		{4535C5E6-A44E-4952-8EDB-BA207B16B8A8}.Release64|x64.Build.0 = Release|Any CPU
		{E1A64435-4BD1-43DC-846F-EA957CDAA86E}.Debug|Any CPU.ActiveCfg = Debug|Any CPU
		{E1A64435-4BD1-43DC-846F-EA957CDAA86E}.Debug|Any CPU.Build.0 = Debug|Any CPU
		{E1A64435-4BD1-43DC-846F-EA957CDAA86E}.Debug|x64.ActiveCfg = Debug|Any CPU
		{E1A64435-4BD1-43DC-846F-EA957CDAA86E}.Debug|x64.Build.0 = Debug|Any CPU
		{E1A64435-4BD1-43DC-846F-EA957CDAA86E}.MSI|Any CPU.ActiveCfg = Release|Any CPU
		{E1A64435-4BD1-43DC-846F-EA957CDAA86E}.MSI|Any CPU.Build.0 = Release|Any CPU
		{E1A64435-4BD1-43DC-846F-EA957CDAA86E}.MSI|x64.ActiveCfg = Release|Any CPU
		{E1A64435-4BD1-43DC-846F-EA957CDAA86E}.MSI|x64.Build.0 = Release|Any CPU
		{E1A64435-4BD1-43DC-846F-EA957CDAA86E}.Release|Any CPU.ActiveCfg = Release|Any CPU
		{E1A64435-4BD1-43DC-846F-EA957CDAA86E}.Release|Any CPU.Build.0 = Release|Any CPU
		{E1A64435-4BD1-43DC-846F-EA957CDAA86E}.Release|x64.ActiveCfg = Release|Any CPU
		{E1A64435-4BD1-43DC-846F-EA957CDAA86E}.Release|x64.Build.0 = Release|Any CPU
		{E1A64435-4BD1-43DC-846F-EA957CDAA86E}.Release64|Any CPU.ActiveCfg = Release|Any CPU
		{E1A64435-4BD1-43DC-846F-EA957CDAA86E}.Release64|Any CPU.Build.0 = Release|Any CPU
		{E1A64435-4BD1-43DC-846F-EA957CDAA86E}.Release64|x64.ActiveCfg = Release|Any CPU
		{E1A64435-4BD1-43DC-846F-EA957CDAA86E}.Release64|x64.Build.0 = Release|Any CPU
		{CF559EA8-CA06-44FC-8629-F36031DE99CD}.Debug|Any CPU.ActiveCfg = Debug|Any CPU
		{CF559EA8-CA06-44FC-8629-F36031DE99CD}.Debug|Any CPU.Build.0 = Debug|Any CPU
		{CF559EA8-CA06-44FC-8629-F36031DE99CD}.Debug|x64.ActiveCfg = Debug|Any CPU
		{CF559EA8-CA06-44FC-8629-F36031DE99CD}.Debug|x64.Build.0 = Debug|Any CPU
		{CF559EA8-CA06-44FC-8629-F36031DE99CD}.MSI|Any CPU.ActiveCfg = Release|Any CPU
		{CF559EA8-CA06-44FC-8629-F36031DE99CD}.MSI|Any CPU.Build.0 = Release|Any CPU
		{CF559EA8-CA06-44FC-8629-F36031DE99CD}.MSI|x64.ActiveCfg = Release|Any CPU
		{CF559EA8-CA06-44FC-8629-F36031DE99CD}.MSI|x64.Build.0 = Release|Any CPU
		{CF559EA8-CA06-44FC-8629-F36031DE99CD}.Release|Any CPU.ActiveCfg = Release|Any CPU
		{CF559EA8-CA06-44FC-8629-F36031DE99CD}.Release|Any CPU.Build.0 = Release|Any CPU
		{CF559EA8-CA06-44FC-8629-F36031DE99CD}.Release|x64.ActiveCfg = Release|Any CPU
		{CF559EA8-CA06-44FC-8629-F36031DE99CD}.Release|x64.Build.0 = Release|Any CPU
		{CF559EA8-CA06-44FC-8629-F36031DE99CD}.Release64|Any CPU.ActiveCfg = Release|Any CPU
		{CF559EA8-CA06-44FC-8629-F36031DE99CD}.Release64|Any CPU.Build.0 = Release|Any CPU
		{CF559EA8-CA06-44FC-8629-F36031DE99CD}.Release64|x64.ActiveCfg = Release|Any CPU
		{CF559EA8-CA06-44FC-8629-F36031DE99CD}.Release64|x64.Build.0 = Release|Any CPU
		{9DD12049-1C6B-4155-A8A7-7ED495B8212C}.Debug|Any CPU.ActiveCfg = Debug|Any CPU
		{9DD12049-1C6B-4155-A8A7-7ED495B8212C}.Debug|Any CPU.Build.0 = Debug|Any CPU
		{9DD12049-1C6B-4155-A8A7-7ED495B8212C}.Debug|x64.ActiveCfg = Debug|Any CPU
		{9DD12049-1C6B-4155-A8A7-7ED495B8212C}.Debug|x64.Build.0 = Debug|Any CPU
		{9DD12049-1C6B-4155-A8A7-7ED495B8212C}.MSI|Any CPU.ActiveCfg = Release|Any CPU
		{9DD12049-1C6B-4155-A8A7-7ED495B8212C}.MSI|Any CPU.Build.0 = Release|Any CPU
		{9DD12049-1C6B-4155-A8A7-7ED495B8212C}.MSI|x64.ActiveCfg = Release|Any CPU
		{9DD12049-1C6B-4155-A8A7-7ED495B8212C}.MSI|x64.Build.0 = Release|Any CPU
		{9DD12049-1C6B-4155-A8A7-7ED495B8212C}.Release|Any CPU.ActiveCfg = Release|Any CPU
		{9DD12049-1C6B-4155-A8A7-7ED495B8212C}.Release|Any CPU.Build.0 = Release|Any CPU
		{9DD12049-1C6B-4155-A8A7-7ED495B8212C}.Release|x64.ActiveCfg = Release|Any CPU
		{9DD12049-1C6B-4155-A8A7-7ED495B8212C}.Release|x64.Build.0 = Release|Any CPU
		{9DD12049-1C6B-4155-A8A7-7ED495B8212C}.Release64|Any CPU.ActiveCfg = Release|Any CPU
		{9DD12049-1C6B-4155-A8A7-7ED495B8212C}.Release64|Any CPU.Build.0 = Release|Any CPU
		{9DD12049-1C6B-4155-A8A7-7ED495B8212C}.Release64|x64.ActiveCfg = Release|Any CPU
		{9DD12049-1C6B-4155-A8A7-7ED495B8212C}.Release64|x64.Build.0 = Release|Any CPU
		{F37D0218-04F7-49A4-B927-21EF331EB154}.Debug|Any CPU.ActiveCfg = Debug|Any CPU
		{F37D0218-04F7-49A4-B927-21EF331EB154}.Debug|Any CPU.Build.0 = Debug|Any CPU
		{F37D0218-04F7-49A4-B927-21EF331EB154}.Debug|x64.ActiveCfg = Debug|Any CPU
		{F37D0218-04F7-49A4-B927-21EF331EB154}.Debug|x64.Build.0 = Debug|Any CPU
		{F37D0218-04F7-49A4-B927-21EF331EB154}.MSI|Any CPU.ActiveCfg = Release|Any CPU
		{F37D0218-04F7-49A4-B927-21EF331EB154}.MSI|Any CPU.Build.0 = Release|Any CPU
		{F37D0218-04F7-49A4-B927-21EF331EB154}.MSI|x64.ActiveCfg = Release|Any CPU
		{F37D0218-04F7-49A4-B927-21EF331EB154}.MSI|x64.Build.0 = Release|Any CPU
		{F37D0218-04F7-49A4-B927-21EF331EB154}.Release|Any CPU.ActiveCfg = Release|Any CPU
		{F37D0218-04F7-49A4-B927-21EF331EB154}.Release|Any CPU.Build.0 = Release|Any CPU
		{F37D0218-04F7-49A4-B927-21EF331EB154}.Release|x64.ActiveCfg = Release|Any CPU
		{F37D0218-04F7-49A4-B927-21EF331EB154}.Release|x64.Build.0 = Release|Any CPU
		{F37D0218-04F7-49A4-B927-21EF331EB154}.Release64|Any CPU.ActiveCfg = Release|Any CPU
		{F37D0218-04F7-49A4-B927-21EF331EB154}.Release64|Any CPU.Build.0 = Release|Any CPU
		{F37D0218-04F7-49A4-B927-21EF331EB154}.Release64|x64.ActiveCfg = Release|Any CPU
		{F37D0218-04F7-49A4-B927-21EF331EB154}.Release64|x64.Build.0 = Release|Any CPU
		{DE638799-D4E6-499F-9669-0D6348747C07}.Debug|Any CPU.ActiveCfg = Debug|Any CPU
		{DE638799-D4E6-499F-9669-0D6348747C07}.Debug|Any CPU.Build.0 = Debug|Any CPU
		{DE638799-D4E6-499F-9669-0D6348747C07}.Debug|x64.ActiveCfg = Debug|Any CPU
		{DE638799-D4E6-499F-9669-0D6348747C07}.Debug|x64.Build.0 = Debug|Any CPU
		{DE638799-D4E6-499F-9669-0D6348747C07}.MSI|Any CPU.ActiveCfg = Release|Any CPU
		{DE638799-D4E6-499F-9669-0D6348747C07}.MSI|Any CPU.Build.0 = Release|Any CPU
		{DE638799-D4E6-499F-9669-0D6348747C07}.MSI|x64.ActiveCfg = Release|Any CPU
		{DE638799-D4E6-499F-9669-0D6348747C07}.MSI|x64.Build.0 = Release|Any CPU
		{DE638799-D4E6-499F-9669-0D6348747C07}.Release|Any CPU.ActiveCfg = Release|Any CPU
		{DE638799-D4E6-499F-9669-0D6348747C07}.Release|Any CPU.Build.0 = Release|Any CPU
		{DE638799-D4E6-499F-9669-0D6348747C07}.Release|x64.ActiveCfg = Release|Any CPU
		{DE638799-D4E6-499F-9669-0D6348747C07}.Release|x64.Build.0 = Release|Any CPU
		{DE638799-D4E6-499F-9669-0D6348747C07}.Release64|Any CPU.ActiveCfg = Release|Any CPU
		{DE638799-D4E6-499F-9669-0D6348747C07}.Release64|Any CPU.Build.0 = Release|Any CPU
		{DE638799-D4E6-499F-9669-0D6348747C07}.Release64|x64.ActiveCfg = Release|Any CPU
		{DE638799-D4E6-499F-9669-0D6348747C07}.Release64|x64.Build.0 = Release|Any CPU
		{407473C6-0D67-4158-A2A6-0A774819FF2B}.Debug|Any CPU.ActiveCfg = Debug|Any CPU
		{407473C6-0D67-4158-A2A6-0A774819FF2B}.Debug|Any CPU.Build.0 = Debug|Any CPU
		{407473C6-0D67-4158-A2A6-0A774819FF2B}.Debug|x64.ActiveCfg = Debug|Any CPU
		{407473C6-0D67-4158-A2A6-0A774819FF2B}.Debug|x64.Build.0 = Debug|Any CPU
		{407473C6-0D67-4158-A2A6-0A774819FF2B}.MSI|Any CPU.ActiveCfg = Release|Any CPU
		{407473C6-0D67-4158-A2A6-0A774819FF2B}.MSI|Any CPU.Build.0 = Release|Any CPU
		{407473C6-0D67-4158-A2A6-0A774819FF2B}.MSI|x64.ActiveCfg = Release|Any CPU
		{407473C6-0D67-4158-A2A6-0A774819FF2B}.MSI|x64.Build.0 = Release|Any CPU
		{407473C6-0D67-4158-A2A6-0A774819FF2B}.Release|Any CPU.ActiveCfg = Release|Any CPU
		{407473C6-0D67-4158-A2A6-0A774819FF2B}.Release|Any CPU.Build.0 = Release|Any CPU
		{407473C6-0D67-4158-A2A6-0A774819FF2B}.Release|x64.ActiveCfg = Release|Any CPU
		{407473C6-0D67-4158-A2A6-0A774819FF2B}.Release|x64.Build.0 = Release|Any CPU
		{407473C6-0D67-4158-A2A6-0A774819FF2B}.Release64|Any CPU.ActiveCfg = Release|Any CPU
		{407473C6-0D67-4158-A2A6-0A774819FF2B}.Release64|Any CPU.Build.0 = Release|Any CPU
		{407473C6-0D67-4158-A2A6-0A774819FF2B}.Release64|x64.ActiveCfg = Release|Any CPU
		{407473C6-0D67-4158-A2A6-0A774819FF2B}.Release64|x64.Build.0 = Release|Any CPU
		{A01DAAC8-ACD7-415E-B17C-C6E12F5BE8D7}.Debug|Any CPU.ActiveCfg = Debug|Any CPU
		{A01DAAC8-ACD7-415E-B17C-C6E12F5BE8D7}.Debug|Any CPU.Build.0 = Debug|Any CPU
		{A01DAAC8-ACD7-415E-B17C-C6E12F5BE8D7}.Debug|x64.ActiveCfg = Debug|Any CPU
		{A01DAAC8-ACD7-415E-B17C-C6E12F5BE8D7}.Debug|x64.Build.0 = Debug|Any CPU
		{A01DAAC8-ACD7-415E-B17C-C6E12F5BE8D7}.MSI|Any CPU.ActiveCfg = Release|Any CPU
		{A01DAAC8-ACD7-415E-B17C-C6E12F5BE8D7}.MSI|Any CPU.Build.0 = Release|Any CPU
		{A01DAAC8-ACD7-415E-B17C-C6E12F5BE8D7}.MSI|x64.ActiveCfg = Release|Any CPU
		{A01DAAC8-ACD7-415E-B17C-C6E12F5BE8D7}.MSI|x64.Build.0 = Release|Any CPU
		{A01DAAC8-ACD7-415E-B17C-C6E12F5BE8D7}.Release|Any CPU.ActiveCfg = Release|Any CPU
		{A01DAAC8-ACD7-415E-B17C-C6E12F5BE8D7}.Release|Any CPU.Build.0 = Release|Any CPU
		{A01DAAC8-ACD7-415E-B17C-C6E12F5BE8D7}.Release|x64.ActiveCfg = Release|Any CPU
		{A01DAAC8-ACD7-415E-B17C-C6E12F5BE8D7}.Release|x64.Build.0 = Release|Any CPU
		{A01DAAC8-ACD7-415E-B17C-C6E12F5BE8D7}.Release64|Any CPU.ActiveCfg = Release|Any CPU
		{A01DAAC8-ACD7-415E-B17C-C6E12F5BE8D7}.Release64|Any CPU.Build.0 = Release|Any CPU
		{A01DAAC8-ACD7-415E-B17C-C6E12F5BE8D7}.Release64|x64.ActiveCfg = Release|Any CPU
		{A01DAAC8-ACD7-415E-B17C-C6E12F5BE8D7}.Release64|x64.Build.0 = Release|Any CPU
		{FCA585F0-A2CB-4681-B21B-38E45EBA3EE6}.Debug|Any CPU.ActiveCfg = Debug|Any CPU
		{FCA585F0-A2CB-4681-B21B-38E45EBA3EE6}.Debug|Any CPU.Build.0 = Debug|Any CPU
		{FCA585F0-A2CB-4681-B21B-38E45EBA3EE6}.Debug|x64.ActiveCfg = Debug|Any CPU
		{FCA585F0-A2CB-4681-B21B-38E45EBA3EE6}.Debug|x64.Build.0 = Debug|Any CPU
		{FCA585F0-A2CB-4681-B21B-38E45EBA3EE6}.MSI|Any CPU.ActiveCfg = Release|Any CPU
		{FCA585F0-A2CB-4681-B21B-38E45EBA3EE6}.MSI|Any CPU.Build.0 = Release|Any CPU
		{FCA585F0-A2CB-4681-B21B-38E45EBA3EE6}.MSI|x64.ActiveCfg = Release|Any CPU
		{FCA585F0-A2CB-4681-B21B-38E45EBA3EE6}.MSI|x64.Build.0 = Release|Any CPU
		{FCA585F0-A2CB-4681-B21B-38E45EBA3EE6}.Release|Any CPU.ActiveCfg = Release|Any CPU
		{FCA585F0-A2CB-4681-B21B-38E45EBA3EE6}.Release|Any CPU.Build.0 = Release|Any CPU
		{FCA585F0-A2CB-4681-B21B-38E45EBA3EE6}.Release|x64.ActiveCfg = Release|Any CPU
		{FCA585F0-A2CB-4681-B21B-38E45EBA3EE6}.Release|x64.Build.0 = Release|Any CPU
		{FCA585F0-A2CB-4681-B21B-38E45EBA3EE6}.Release64|Any CPU.ActiveCfg = Release|Any CPU
		{FCA585F0-A2CB-4681-B21B-38E45EBA3EE6}.Release64|Any CPU.Build.0 = Release|Any CPU
		{FCA585F0-A2CB-4681-B21B-38E45EBA3EE6}.Release64|x64.ActiveCfg = Release|Any CPU
		{FCA585F0-A2CB-4681-B21B-38E45EBA3EE6}.Release64|x64.Build.0 = Release|Any CPU
		{3C8C472D-6360-46BB-9247-899F6F121D20}.Debug|Any CPU.ActiveCfg = Debug|Any CPU
		{3C8C472D-6360-46BB-9247-899F6F121D20}.Debug|Any CPU.Build.0 = Debug|Any CPU
		{3C8C472D-6360-46BB-9247-899F6F121D20}.Debug|x64.ActiveCfg = Debug|Any CPU
		{3C8C472D-6360-46BB-9247-899F6F121D20}.Debug|x64.Build.0 = Debug|Any CPU
		{3C8C472D-6360-46BB-9247-899F6F121D20}.MSI|Any CPU.ActiveCfg = Release|Any CPU
		{3C8C472D-6360-46BB-9247-899F6F121D20}.MSI|Any CPU.Build.0 = Release|Any CPU
		{3C8C472D-6360-46BB-9247-899F6F121D20}.MSI|x64.ActiveCfg = Release|Any CPU
		{3C8C472D-6360-46BB-9247-899F6F121D20}.MSI|x64.Build.0 = Release|Any CPU
		{3C8C472D-6360-46BB-9247-899F6F121D20}.Release|Any CPU.ActiveCfg = Release|Any CPU
		{3C8C472D-6360-46BB-9247-899F6F121D20}.Release|Any CPU.Build.0 = Release|Any CPU
		{3C8C472D-6360-46BB-9247-899F6F121D20}.Release|x64.ActiveCfg = Release|Any CPU
		{3C8C472D-6360-46BB-9247-899F6F121D20}.Release|x64.Build.0 = Release|Any CPU
		{3C8C472D-6360-46BB-9247-899F6F121D20}.Release64|Any CPU.ActiveCfg = Release|Any CPU
		{3C8C472D-6360-46BB-9247-899F6F121D20}.Release64|Any CPU.Build.0 = Release|Any CPU
		{3C8C472D-6360-46BB-9247-899F6F121D20}.Release64|x64.ActiveCfg = Release|Any CPU
		{3C8C472D-6360-46BB-9247-899F6F121D20}.Release64|x64.Build.0 = Release|Any CPU
		{8CA4EE09-74F0-4FCF-989D-45F43CE82E90}.Debug|Any CPU.ActiveCfg = Debug|Any CPU
		{8CA4EE09-74F0-4FCF-989D-45F43CE82E90}.Debug|Any CPU.Build.0 = Debug|Any CPU
		{8CA4EE09-74F0-4FCF-989D-45F43CE82E90}.Debug|x64.ActiveCfg = Debug|Any CPU
		{8CA4EE09-74F0-4FCF-989D-45F43CE82E90}.Debug|x64.Build.0 = Debug|Any CPU
		{8CA4EE09-74F0-4FCF-989D-45F43CE82E90}.MSI|Any CPU.ActiveCfg = Release|Any CPU
		{8CA4EE09-74F0-4FCF-989D-45F43CE82E90}.MSI|Any CPU.Build.0 = Release|Any CPU
		{8CA4EE09-74F0-4FCF-989D-45F43CE82E90}.MSI|x64.ActiveCfg = Release|Any CPU
		{8CA4EE09-74F0-4FCF-989D-45F43CE82E90}.MSI|x64.Build.0 = Release|Any CPU
		{8CA4EE09-74F0-4FCF-989D-45F43CE82E90}.Release|Any CPU.ActiveCfg = Release|Any CPU
		{8CA4EE09-74F0-4FCF-989D-45F43CE82E90}.Release|Any CPU.Build.0 = Release|Any CPU
		{8CA4EE09-74F0-4FCF-989D-45F43CE82E90}.Release|x64.ActiveCfg = Release|Any CPU
		{8CA4EE09-74F0-4FCF-989D-45F43CE82E90}.Release|x64.Build.0 = Release|Any CPU
		{8CA4EE09-74F0-4FCF-989D-45F43CE82E90}.Release64|Any CPU.ActiveCfg = Release|Any CPU
		{8CA4EE09-74F0-4FCF-989D-45F43CE82E90}.Release64|Any CPU.Build.0 = Release|Any CPU
		{8CA4EE09-74F0-4FCF-989D-45F43CE82E90}.Release64|x64.ActiveCfg = Release|Any CPU
		{8CA4EE09-74F0-4FCF-989D-45F43CE82E90}.Release64|x64.Build.0 = Release|Any CPU
		{8C3CF60B-ADBA-443F-9A94-381FDC3D7C98}.Debug|Any CPU.ActiveCfg = Debug|Any CPU
		{8C3CF60B-ADBA-443F-9A94-381FDC3D7C98}.Debug|Any CPU.Build.0 = Debug|Any CPU
		{8C3CF60B-ADBA-443F-9A94-381FDC3D7C98}.Debug|x64.ActiveCfg = Debug|Any CPU
		{8C3CF60B-ADBA-443F-9A94-381FDC3D7C98}.Debug|x64.Build.0 = Debug|Any CPU
		{8C3CF60B-ADBA-443F-9A94-381FDC3D7C98}.MSI|Any CPU.ActiveCfg = Release|Any CPU
		{8C3CF60B-ADBA-443F-9A94-381FDC3D7C98}.MSI|Any CPU.Build.0 = Release|Any CPU
		{8C3CF60B-ADBA-443F-9A94-381FDC3D7C98}.MSI|x64.ActiveCfg = Release|Any CPU
		{8C3CF60B-ADBA-443F-9A94-381FDC3D7C98}.MSI|x64.Build.0 = Release|Any CPU
		{8C3CF60B-ADBA-443F-9A94-381FDC3D7C98}.Release|Any CPU.ActiveCfg = Release|Any CPU
		{8C3CF60B-ADBA-443F-9A94-381FDC3D7C98}.Release|Any CPU.Build.0 = Release|Any CPU
		{8C3CF60B-ADBA-443F-9A94-381FDC3D7C98}.Release|x64.ActiveCfg = Release|Any CPU
		{8C3CF60B-ADBA-443F-9A94-381FDC3D7C98}.Release|x64.Build.0 = Release|Any CPU
		{8C3CF60B-ADBA-443F-9A94-381FDC3D7C98}.Release64|Any CPU.ActiveCfg = Release|Any CPU
		{8C3CF60B-ADBA-443F-9A94-381FDC3D7C98}.Release64|Any CPU.Build.0 = Release|Any CPU
		{8C3CF60B-ADBA-443F-9A94-381FDC3D7C98}.Release64|x64.ActiveCfg = Release|Any CPU
		{8C3CF60B-ADBA-443F-9A94-381FDC3D7C98}.Release64|x64.Build.0 = Release|Any CPU
		{34DD0A77-9DE1-464F-818C-1A9645E7B1C5}.Debug|Any CPU.ActiveCfg = Debug|Any CPU
		{34DD0A77-9DE1-464F-818C-1A9645E7B1C5}.Debug|Any CPU.Build.0 = Debug|Any CPU
		{34DD0A77-9DE1-464F-818C-1A9645E7B1C5}.Debug|x64.ActiveCfg = Debug|Any CPU
		{34DD0A77-9DE1-464F-818C-1A9645E7B1C5}.Debug|x64.Build.0 = Debug|Any CPU
		{34DD0A77-9DE1-464F-818C-1A9645E7B1C5}.MSI|Any CPU.ActiveCfg = Release|Any CPU
		{34DD0A77-9DE1-464F-818C-1A9645E7B1C5}.MSI|Any CPU.Build.0 = Release|Any CPU
		{34DD0A77-9DE1-464F-818C-1A9645E7B1C5}.MSI|x64.ActiveCfg = Release|Any CPU
		{34DD0A77-9DE1-464F-818C-1A9645E7B1C5}.MSI|x64.Build.0 = Release|Any CPU
		{34DD0A77-9DE1-464F-818C-1A9645E7B1C5}.Release|Any CPU.ActiveCfg = Release|Any CPU
		{34DD0A77-9DE1-464F-818C-1A9645E7B1C5}.Release|Any CPU.Build.0 = Release|Any CPU
		{34DD0A77-9DE1-464F-818C-1A9645E7B1C5}.Release|x64.ActiveCfg = Release|Any CPU
		{34DD0A77-9DE1-464F-818C-1A9645E7B1C5}.Release|x64.Build.0 = Release|Any CPU
		{34DD0A77-9DE1-464F-818C-1A9645E7B1C5}.Release64|Any CPU.ActiveCfg = Release|Any CPU
		{34DD0A77-9DE1-464F-818C-1A9645E7B1C5}.Release64|Any CPU.Build.0 = Release|Any CPU
		{34DD0A77-9DE1-464F-818C-1A9645E7B1C5}.Release64|x64.ActiveCfg = Release|Any CPU
		{34DD0A77-9DE1-464F-818C-1A9645E7B1C5}.Release64|x64.Build.0 = Release|Any CPU
		{E1AACA2D-9E79-4CF2-8348-8DD7D4B5CF58}.Debug|Any CPU.ActiveCfg = Debug|Any CPU
		{E1AACA2D-9E79-4CF2-8348-8DD7D4B5CF58}.Debug|Any CPU.Build.0 = Debug|Any CPU
		{E1AACA2D-9E79-4CF2-8348-8DD7D4B5CF58}.Debug|x64.ActiveCfg = Debug|Any CPU
		{E1AACA2D-9E79-4CF2-8348-8DD7D4B5CF58}.Debug|x64.Build.0 = Debug|Any CPU
		{E1AACA2D-9E79-4CF2-8348-8DD7D4B5CF58}.MSI|Any CPU.ActiveCfg = Release|Any CPU
		{E1AACA2D-9E79-4CF2-8348-8DD7D4B5CF58}.MSI|Any CPU.Build.0 = Release|Any CPU
		{E1AACA2D-9E79-4CF2-8348-8DD7D4B5CF58}.MSI|x64.ActiveCfg = Release|Any CPU
		{E1AACA2D-9E79-4CF2-8348-8DD7D4B5CF58}.MSI|x64.Build.0 = Release|Any CPU
		{E1AACA2D-9E79-4CF2-8348-8DD7D4B5CF58}.Release|Any CPU.ActiveCfg = Release|Any CPU
		{E1AACA2D-9E79-4CF2-8348-8DD7D4B5CF58}.Release|Any CPU.Build.0 = Release|Any CPU
		{E1AACA2D-9E79-4CF2-8348-8DD7D4B5CF58}.Release|x64.ActiveCfg = Release|Any CPU
		{E1AACA2D-9E79-4CF2-8348-8DD7D4B5CF58}.Release|x64.Build.0 = Release|Any CPU
		{E1AACA2D-9E79-4CF2-8348-8DD7D4B5CF58}.Release64|Any CPU.ActiveCfg = Release|Any CPU
		{E1AACA2D-9E79-4CF2-8348-8DD7D4B5CF58}.Release64|Any CPU.Build.0 = Release|Any CPU
		{E1AACA2D-9E79-4CF2-8348-8DD7D4B5CF58}.Release64|x64.ActiveCfg = Release|Any CPU
		{E1AACA2D-9E79-4CF2-8348-8DD7D4B5CF58}.Release64|x64.Build.0 = Release|Any CPU
		{2703D266-F94A-4CFC-861C-B25ED38B21C3}.Debug|Any CPU.ActiveCfg = Debug|Any CPU
		{2703D266-F94A-4CFC-861C-B25ED38B21C3}.Debug|Any CPU.Build.0 = Debug|Any CPU
		{2703D266-F94A-4CFC-861C-B25ED38B21C3}.Debug|x64.ActiveCfg = Debug|Any CPU
		{2703D266-F94A-4CFC-861C-B25ED38B21C3}.Debug|x64.Build.0 = Debug|Any CPU
		{2703D266-F94A-4CFC-861C-B25ED38B21C3}.MSI|Any CPU.ActiveCfg = Release|Any CPU
		{2703D266-F94A-4CFC-861C-B25ED38B21C3}.MSI|Any CPU.Build.0 = Release|Any CPU
		{2703D266-F94A-4CFC-861C-B25ED38B21C3}.MSI|x64.ActiveCfg = Release|Any CPU
		{2703D266-F94A-4CFC-861C-B25ED38B21C3}.MSI|x64.Build.0 = Release|Any CPU
		{2703D266-F94A-4CFC-861C-B25ED38B21C3}.Release|Any CPU.ActiveCfg = Release|Any CPU
		{2703D266-F94A-4CFC-861C-B25ED38B21C3}.Release|Any CPU.Build.0 = Release|Any CPU
		{2703D266-F94A-4CFC-861C-B25ED38B21C3}.Release|x64.ActiveCfg = Release|Any CPU
		{2703D266-F94A-4CFC-861C-B25ED38B21C3}.Release|x64.Build.0 = Release|Any CPU
		{2703D266-F94A-4CFC-861C-B25ED38B21C3}.Release64|Any CPU.ActiveCfg = Release|Any CPU
		{2703D266-F94A-4CFC-861C-B25ED38B21C3}.Release64|Any CPU.Build.0 = Release|Any CPU
		{2703D266-F94A-4CFC-861C-B25ED38B21C3}.Release64|x64.ActiveCfg = Release|Any CPU
		{2703D266-F94A-4CFC-861C-B25ED38B21C3}.Release64|x64.Build.0 = Release|Any CPU
		{F320D640-09D1-47F9-ABFE-216C3488AAF1}.Debug|Any CPU.ActiveCfg = Debug|Any CPU
		{F320D640-09D1-47F9-ABFE-216C3488AAF1}.Debug|Any CPU.Build.0 = Debug|Any CPU
		{F320D640-09D1-47F9-ABFE-216C3488AAF1}.Debug|x64.ActiveCfg = Debug|Any CPU
		{F320D640-09D1-47F9-ABFE-216C3488AAF1}.Debug|x64.Build.0 = Debug|Any CPU
		{F320D640-09D1-47F9-ABFE-216C3488AAF1}.MSI|Any CPU.ActiveCfg = Release|Any CPU
		{F320D640-09D1-47F9-ABFE-216C3488AAF1}.MSI|Any CPU.Build.0 = Release|Any CPU
		{F320D640-09D1-47F9-ABFE-216C3488AAF1}.MSI|x64.ActiveCfg = Release|Any CPU
		{F320D640-09D1-47F9-ABFE-216C3488AAF1}.MSI|x64.Build.0 = Release|Any CPU
		{F320D640-09D1-47F9-ABFE-216C3488AAF1}.Release|Any CPU.ActiveCfg = Release|Any CPU
		{F320D640-09D1-47F9-ABFE-216C3488AAF1}.Release|Any CPU.Build.0 = Release|Any CPU
		{F320D640-09D1-47F9-ABFE-216C3488AAF1}.Release|x64.ActiveCfg = Release|Any CPU
		{F320D640-09D1-47F9-ABFE-216C3488AAF1}.Release|x64.Build.0 = Release|Any CPU
		{F320D640-09D1-47F9-ABFE-216C3488AAF1}.Release64|Any CPU.ActiveCfg = Release|Any CPU
		{F320D640-09D1-47F9-ABFE-216C3488AAF1}.Release64|Any CPU.Build.0 = Release|Any CPU
		{F320D640-09D1-47F9-ABFE-216C3488AAF1}.Release64|x64.ActiveCfg = Release|Any CPU
		{F320D640-09D1-47F9-ABFE-216C3488AAF1}.Release64|x64.Build.0 = Release|Any CPU
		{EA97C0FB-0E5F-4D4F-BE1B-9DE80BABF60A}.Debug|Any CPU.ActiveCfg = Debug|Any CPU
		{EA97C0FB-0E5F-4D4F-BE1B-9DE80BABF60A}.Debug|Any CPU.Build.0 = Debug|Any CPU
		{EA97C0FB-0E5F-4D4F-BE1B-9DE80BABF60A}.Debug|x64.ActiveCfg = Debug|Any CPU
		{EA97C0FB-0E5F-4D4F-BE1B-9DE80BABF60A}.Debug|x64.Build.0 = Debug|Any CPU
		{EA97C0FB-0E5F-4D4F-BE1B-9DE80BABF60A}.MSI|Any CPU.ActiveCfg = Release|Any CPU
		{EA97C0FB-0E5F-4D4F-BE1B-9DE80BABF60A}.MSI|Any CPU.Build.0 = Release|Any CPU
		{EA97C0FB-0E5F-4D4F-BE1B-9DE80BABF60A}.MSI|x64.ActiveCfg = Release|Any CPU
		{EA97C0FB-0E5F-4D4F-BE1B-9DE80BABF60A}.MSI|x64.Build.0 = Release|Any CPU
		{EA97C0FB-0E5F-4D4F-BE1B-9DE80BABF60A}.Release|Any CPU.ActiveCfg = Release|Any CPU
		{EA97C0FB-0E5F-4D4F-BE1B-9DE80BABF60A}.Release|Any CPU.Build.0 = Release|Any CPU
		{EA97C0FB-0E5F-4D4F-BE1B-9DE80BABF60A}.Release|x64.ActiveCfg = Release|Any CPU
		{EA97C0FB-0E5F-4D4F-BE1B-9DE80BABF60A}.Release|x64.Build.0 = Release|Any CPU
		{EA97C0FB-0E5F-4D4F-BE1B-9DE80BABF60A}.Release64|Any CPU.ActiveCfg = Release|Any CPU
		{EA97C0FB-0E5F-4D4F-BE1B-9DE80BABF60A}.Release64|Any CPU.Build.0 = Release|Any CPU
		{EA97C0FB-0E5F-4D4F-BE1B-9DE80BABF60A}.Release64|x64.ActiveCfg = Release|Any CPU
		{EA97C0FB-0E5F-4D4F-BE1B-9DE80BABF60A}.Release64|x64.Build.0 = Release|Any CPU
		{DBD54382-4C53-42D4-B9D7-3CE76AB4EE42}.Debug|Any CPU.ActiveCfg = Debug|Any CPU
		{DBD54382-4C53-42D4-B9D7-3CE76AB4EE42}.Debug|Any CPU.Build.0 = Debug|Any CPU
		{DBD54382-4C53-42D4-B9D7-3CE76AB4EE42}.Debug|x64.ActiveCfg = Debug|Any CPU
		{DBD54382-4C53-42D4-B9D7-3CE76AB4EE42}.Debug|x64.Build.0 = Debug|Any CPU
		{DBD54382-4C53-42D4-B9D7-3CE76AB4EE42}.MSI|Any CPU.ActiveCfg = Release|Any CPU
		{DBD54382-4C53-42D4-B9D7-3CE76AB4EE42}.MSI|Any CPU.Build.0 = Release|Any CPU
		{DBD54382-4C53-42D4-B9D7-3CE76AB4EE42}.MSI|x64.ActiveCfg = Release|Any CPU
		{DBD54382-4C53-42D4-B9D7-3CE76AB4EE42}.MSI|x64.Build.0 = Release|Any CPU
		{DBD54382-4C53-42D4-B9D7-3CE76AB4EE42}.Release|Any CPU.ActiveCfg = Release|Any CPU
		{DBD54382-4C53-42D4-B9D7-3CE76AB4EE42}.Release|Any CPU.Build.0 = Release|Any CPU
		{DBD54382-4C53-42D4-B9D7-3CE76AB4EE42}.Release|x64.ActiveCfg = Release|Any CPU
		{DBD54382-4C53-42D4-B9D7-3CE76AB4EE42}.Release|x64.Build.0 = Release|Any CPU
		{DBD54382-4C53-42D4-B9D7-3CE76AB4EE42}.Release64|Any CPU.ActiveCfg = Release|Any CPU
		{DBD54382-4C53-42D4-B9D7-3CE76AB4EE42}.Release64|Any CPU.Build.0 = Release|Any CPU
		{DBD54382-4C53-42D4-B9D7-3CE76AB4EE42}.Release64|x64.ActiveCfg = Release|Any CPU
		{DBD54382-4C53-42D4-B9D7-3CE76AB4EE42}.Release64|x64.Build.0 = Release|Any CPU
		{81C70494-FA3F-4D93-A10C-AAF339C61EC4}.Debug|Any CPU.ActiveCfg = Debug|Any CPU
		{81C70494-FA3F-4D93-A10C-AAF339C61EC4}.Debug|Any CPU.Build.0 = Debug|Any CPU
		{81C70494-FA3F-4D93-A10C-AAF339C61EC4}.Debug|x64.ActiveCfg = Debug|Any CPU
		{81C70494-FA3F-4D93-A10C-AAF339C61EC4}.Debug|x64.Build.0 = Debug|Any CPU
		{81C70494-FA3F-4D93-A10C-AAF339C61EC4}.MSI|Any CPU.ActiveCfg = Release|Any CPU
		{81C70494-FA3F-4D93-A10C-AAF339C61EC4}.MSI|Any CPU.Build.0 = Release|Any CPU
		{81C70494-FA3F-4D93-A10C-AAF339C61EC4}.MSI|x64.ActiveCfg = Release|Any CPU
		{81C70494-FA3F-4D93-A10C-AAF339C61EC4}.MSI|x64.Build.0 = Release|Any CPU
		{81C70494-FA3F-4D93-A10C-AAF339C61EC4}.Release|Any CPU.ActiveCfg = Release|Any CPU
		{81C70494-FA3F-4D93-A10C-AAF339C61EC4}.Release|Any CPU.Build.0 = Release|Any CPU
		{81C70494-FA3F-4D93-A10C-AAF339C61EC4}.Release|x64.ActiveCfg = Release|Any CPU
		{81C70494-FA3F-4D93-A10C-AAF339C61EC4}.Release|x64.Build.0 = Release|Any CPU
		{81C70494-FA3F-4D93-A10C-AAF339C61EC4}.Release64|Any CPU.ActiveCfg = Release|Any CPU
		{81C70494-FA3F-4D93-A10C-AAF339C61EC4}.Release64|Any CPU.Build.0 = Release|Any CPU
		{81C70494-FA3F-4D93-A10C-AAF339C61EC4}.Release64|x64.ActiveCfg = Release|Any CPU
		{81C70494-FA3F-4D93-A10C-AAF339C61EC4}.Release64|x64.Build.0 = Release|Any CPU
		{A5B59228-C64A-4B4D-B605-B7F5388F1F39}.Debug|Any CPU.ActiveCfg = Debug|Any CPU
		{A5B59228-C64A-4B4D-B605-B7F5388F1F39}.Debug|Any CPU.Build.0 = Debug|Any CPU
		{A5B59228-C64A-4B4D-B605-B7F5388F1F39}.Debug|x64.ActiveCfg = Debug|Any CPU
		{A5B59228-C64A-4B4D-B605-B7F5388F1F39}.Debug|x64.Build.0 = Debug|Any CPU
		{A5B59228-C64A-4B4D-B605-B7F5388F1F39}.MSI|Any CPU.ActiveCfg = Release|Any CPU
		{A5B59228-C64A-4B4D-B605-B7F5388F1F39}.MSI|Any CPU.Build.0 = Release|Any CPU
		{A5B59228-C64A-4B4D-B605-B7F5388F1F39}.MSI|x64.ActiveCfg = Release|Any CPU
		{A5B59228-C64A-4B4D-B605-B7F5388F1F39}.MSI|x64.Build.0 = Release|Any CPU
		{A5B59228-C64A-4B4D-B605-B7F5388F1F39}.Release|Any CPU.ActiveCfg = Release|Any CPU
		{A5B59228-C64A-4B4D-B605-B7F5388F1F39}.Release|Any CPU.Build.0 = Release|Any CPU
		{A5B59228-C64A-4B4D-B605-B7F5388F1F39}.Release|x64.ActiveCfg = Release|Any CPU
		{A5B59228-C64A-4B4D-B605-B7F5388F1F39}.Release|x64.Build.0 = Release|Any CPU
		{A5B59228-C64A-4B4D-B605-B7F5388F1F39}.Release64|Any CPU.ActiveCfg = Release|Any CPU
		{A5B59228-C64A-4B4D-B605-B7F5388F1F39}.Release64|Any CPU.Build.0 = Release|Any CPU
		{A5B59228-C64A-4B4D-B605-B7F5388F1F39}.Release64|x64.ActiveCfg = Release|Any CPU
		{A5B59228-C64A-4B4D-B605-B7F5388F1F39}.Release64|x64.Build.0 = Release|Any CPU
		{75AB0CC2-D7B4-433C-9CC5-36CAFCA76E59}.Debug|Any CPU.ActiveCfg = Debug|Any CPU
		{75AB0CC2-D7B4-433C-9CC5-36CAFCA76E59}.Debug|Any CPU.Build.0 = Debug|Any CPU
		{75AB0CC2-D7B4-433C-9CC5-36CAFCA76E59}.Debug|x64.ActiveCfg = Debug|Any CPU
		{75AB0CC2-D7B4-433C-9CC5-36CAFCA76E59}.Debug|x64.Build.0 = Debug|Any CPU
		{75AB0CC2-D7B4-433C-9CC5-36CAFCA76E59}.MSI|Any CPU.ActiveCfg = Release|Any CPU
		{75AB0CC2-D7B4-433C-9CC5-36CAFCA76E59}.MSI|Any CPU.Build.0 = Release|Any CPU
		{75AB0CC2-D7B4-433C-9CC5-36CAFCA76E59}.MSI|x64.ActiveCfg = Release|Any CPU
		{75AB0CC2-D7B4-433C-9CC5-36CAFCA76E59}.MSI|x64.Build.0 = Release|Any CPU
		{75AB0CC2-D7B4-433C-9CC5-36CAFCA76E59}.Release|Any CPU.ActiveCfg = Release|Any CPU
		{75AB0CC2-D7B4-433C-9CC5-36CAFCA76E59}.Release|Any CPU.Build.0 = Release|Any CPU
		{75AB0CC2-D7B4-433C-9CC5-36CAFCA76E59}.Release|x64.ActiveCfg = Release|Any CPU
		{75AB0CC2-D7B4-433C-9CC5-36CAFCA76E59}.Release|x64.Build.0 = Release|Any CPU
		{75AB0CC2-D7B4-433C-9CC5-36CAFCA76E59}.Release64|Any CPU.ActiveCfg = Release|Any CPU
		{75AB0CC2-D7B4-433C-9CC5-36CAFCA76E59}.Release64|Any CPU.Build.0 = Release|Any CPU
		{75AB0CC2-D7B4-433C-9CC5-36CAFCA76E59}.Release64|x64.ActiveCfg = Release|Any CPU
		{75AB0CC2-D7B4-433C-9CC5-36CAFCA76E59}.Release64|x64.Build.0 = Release|Any CPU
		{BD61E723-8740-4EB8-8BA1-EED3AA3A6764}.Debug|Any CPU.ActiveCfg = Debug|Any CPU
		{BD61E723-8740-4EB8-8BA1-EED3AA3A6764}.Debug|Any CPU.Build.0 = Debug|Any CPU
		{BD61E723-8740-4EB8-8BA1-EED3AA3A6764}.Debug|x64.ActiveCfg = Debug|Any CPU
		{BD61E723-8740-4EB8-8BA1-EED3AA3A6764}.Debug|x64.Build.0 = Debug|Any CPU
		{BD61E723-8740-4EB8-8BA1-EED3AA3A6764}.MSI|Any CPU.ActiveCfg = Release|Any CPU
		{BD61E723-8740-4EB8-8BA1-EED3AA3A6764}.MSI|Any CPU.Build.0 = Release|Any CPU
		{BD61E723-8740-4EB8-8BA1-EED3AA3A6764}.MSI|x64.ActiveCfg = Release|Any CPU
		{BD61E723-8740-4EB8-8BA1-EED3AA3A6764}.MSI|x64.Build.0 = Release|Any CPU
		{BD61E723-8740-4EB8-8BA1-EED3AA3A6764}.Release|Any CPU.ActiveCfg = Release|Any CPU
		{BD61E723-8740-4EB8-8BA1-EED3AA3A6764}.Release|Any CPU.Build.0 = Release|Any CPU
		{BD61E723-8740-4EB8-8BA1-EED3AA3A6764}.Release|x64.ActiveCfg = Release|Any CPU
		{BD61E723-8740-4EB8-8BA1-EED3AA3A6764}.Release|x64.Build.0 = Release|Any CPU
		{BD61E723-8740-4EB8-8BA1-EED3AA3A6764}.Release64|Any CPU.ActiveCfg = Release|Any CPU
		{BD61E723-8740-4EB8-8BA1-EED3AA3A6764}.Release64|Any CPU.Build.0 = Release|Any CPU
		{BD61E723-8740-4EB8-8BA1-EED3AA3A6764}.Release64|x64.ActiveCfg = Release|Any CPU
		{BD61E723-8740-4EB8-8BA1-EED3AA3A6764}.Release64|x64.Build.0 = Release|Any CPU
		{6BBD9730-7B28-449D-954E-B093C4D791AF}.Debug|Any CPU.ActiveCfg = Debug|Any CPU
		{6BBD9730-7B28-449D-954E-B093C4D791AF}.Debug|Any CPU.Build.0 = Debug|Any CPU
		{6BBD9730-7B28-449D-954E-B093C4D791AF}.Debug|x64.ActiveCfg = Debug|Any CPU
		{6BBD9730-7B28-449D-954E-B093C4D791AF}.Debug|x64.Build.0 = Debug|Any CPU
		{6BBD9730-7B28-449D-954E-B093C4D791AF}.MSI|Any CPU.ActiveCfg = Release|Any CPU
		{6BBD9730-7B28-449D-954E-B093C4D791AF}.MSI|Any CPU.Build.0 = Release|Any CPU
		{6BBD9730-7B28-449D-954E-B093C4D791AF}.MSI|x64.ActiveCfg = Release|Any CPU
		{6BBD9730-7B28-449D-954E-B093C4D791AF}.MSI|x64.Build.0 = Release|Any CPU
		{6BBD9730-7B28-449D-954E-B093C4D791AF}.Release|Any CPU.ActiveCfg = Release|Any CPU
		{6BBD9730-7B28-449D-954E-B093C4D791AF}.Release|Any CPU.Build.0 = Release|Any CPU
		{6BBD9730-7B28-449D-954E-B093C4D791AF}.Release|x64.ActiveCfg = Release|Any CPU
		{6BBD9730-7B28-449D-954E-B093C4D791AF}.Release|x64.Build.0 = Release|Any CPU
		{6BBD9730-7B28-449D-954E-B093C4D791AF}.Release64|Any CPU.ActiveCfg = Release|Any CPU
		{6BBD9730-7B28-449D-954E-B093C4D791AF}.Release64|Any CPU.Build.0 = Release|Any CPU
		{6BBD9730-7B28-449D-954E-B093C4D791AF}.Release64|x64.ActiveCfg = Release|Any CPU
		{6BBD9730-7B28-449D-954E-B093C4D791AF}.Release64|x64.Build.0 = Release|Any CPU
		{9F0D69B1-9B07-4647-8944-132C752B16E8}.Debug|Any CPU.ActiveCfg = Debug|Any CPU
		{9F0D69B1-9B07-4647-8944-132C752B16E8}.Debug|Any CPU.Build.0 = Debug|Any CPU
		{9F0D69B1-9B07-4647-8944-132C752B16E8}.Debug|x64.ActiveCfg = Debug|Any CPU
		{9F0D69B1-9B07-4647-8944-132C752B16E8}.Debug|x64.Build.0 = Debug|Any CPU
		{9F0D69B1-9B07-4647-8944-132C752B16E8}.MSI|Any CPU.ActiveCfg = Release|Any CPU
		{9F0D69B1-9B07-4647-8944-132C752B16E8}.MSI|Any CPU.Build.0 = Release|Any CPU
		{9F0D69B1-9B07-4647-8944-132C752B16E8}.MSI|x64.ActiveCfg = Release|Any CPU
		{9F0D69B1-9B07-4647-8944-132C752B16E8}.MSI|x64.Build.0 = Release|Any CPU
		{9F0D69B1-9B07-4647-8944-132C752B16E8}.Release|Any CPU.ActiveCfg = Release|Any CPU
		{9F0D69B1-9B07-4647-8944-132C752B16E8}.Release|Any CPU.Build.0 = Release|Any CPU
		{9F0D69B1-9B07-4647-8944-132C752B16E8}.Release|x64.ActiveCfg = Release|Any CPU
		{9F0D69B1-9B07-4647-8944-132C752B16E8}.Release|x64.Build.0 = Release|Any CPU
		{9F0D69B1-9B07-4647-8944-132C752B16E8}.Release64|Any CPU.ActiveCfg = Release|Any CPU
		{9F0D69B1-9B07-4647-8944-132C752B16E8}.Release64|Any CPU.Build.0 = Release|Any CPU
		{9F0D69B1-9B07-4647-8944-132C752B16E8}.Release64|x64.ActiveCfg = Release|Any CPU
		{9F0D69B1-9B07-4647-8944-132C752B16E8}.Release64|x64.Build.0 = Release|Any CPU
		{DF66AFEB-819B-4630-AF65-B713D96289D8}.Debug|Any CPU.ActiveCfg = Debug|Any CPU
		{DF66AFEB-819B-4630-AF65-B713D96289D8}.Debug|Any CPU.Build.0 = Debug|Any CPU
		{DF66AFEB-819B-4630-AF65-B713D96289D8}.Debug|x64.ActiveCfg = Debug|x64
		{DF66AFEB-819B-4630-AF65-B713D96289D8}.Debug|x64.Build.0 = Debug|x64
		{DF66AFEB-819B-4630-AF65-B713D96289D8}.MSI|Any CPU.ActiveCfg = MSI|Any CPU
		{DF66AFEB-819B-4630-AF65-B713D96289D8}.MSI|Any CPU.Build.0 = MSI|Any CPU
		{DF66AFEB-819B-4630-AF65-B713D96289D8}.MSI|x64.ActiveCfg = MSI|x64
		{DF66AFEB-819B-4630-AF65-B713D96289D8}.MSI|x64.Build.0 = MSI|x64
		{DF66AFEB-819B-4630-AF65-B713D96289D8}.Release|Any CPU.ActiveCfg = Release|Any CPU
		{DF66AFEB-819B-4630-AF65-B713D96289D8}.Release|Any CPU.Build.0 = Release|Any CPU
		{DF66AFEB-819B-4630-AF65-B713D96289D8}.Release|x64.ActiveCfg = Release|x64
		{DF66AFEB-819B-4630-AF65-B713D96289D8}.Release|x64.Build.0 = Release|x64
		{DF66AFEB-819B-4630-AF65-B713D96289D8}.Release64|Any CPU.ActiveCfg = Release64|Any CPU
		{DF66AFEB-819B-4630-AF65-B713D96289D8}.Release64|Any CPU.Build.0 = Release64|Any CPU
		{DF66AFEB-819B-4630-AF65-B713D96289D8}.Release64|x64.ActiveCfg = Release64|x64
		{DF66AFEB-819B-4630-AF65-B713D96289D8}.Release64|x64.Build.0 = Release64|x64
		{DBE14C50-B313-46F8-8D6F-79DB3E1B22FD}.Debug|Any CPU.ActiveCfg = Debug|Any CPU
		{DBE14C50-B313-46F8-8D6F-79DB3E1B22FD}.Debug|Any CPU.Build.0 = Debug|Any CPU
		{DBE14C50-B313-46F8-8D6F-79DB3E1B22FD}.Debug|x64.ActiveCfg = Debug|Any CPU
		{DBE14C50-B313-46F8-8D6F-79DB3E1B22FD}.Debug|x64.Build.0 = Debug|Any CPU
		{DBE14C50-B313-46F8-8D6F-79DB3E1B22FD}.MSI|Any CPU.ActiveCfg = Release|Any CPU
		{DBE14C50-B313-46F8-8D6F-79DB3E1B22FD}.MSI|Any CPU.Build.0 = Release|Any CPU
		{DBE14C50-B313-46F8-8D6F-79DB3E1B22FD}.MSI|x64.ActiveCfg = Release|Any CPU
		{DBE14C50-B313-46F8-8D6F-79DB3E1B22FD}.MSI|x64.Build.0 = Release|Any CPU
		{DBE14C50-B313-46F8-8D6F-79DB3E1B22FD}.Release|Any CPU.ActiveCfg = Release|Any CPU
		{DBE14C50-B313-46F8-8D6F-79DB3E1B22FD}.Release|Any CPU.Build.0 = Release|Any CPU
		{DBE14C50-B313-46F8-8D6F-79DB3E1B22FD}.Release|x64.ActiveCfg = Release|Any CPU
		{DBE14C50-B313-46F8-8D6F-79DB3E1B22FD}.Release|x64.Build.0 = Release|Any CPU
		{DBE14C50-B313-46F8-8D6F-79DB3E1B22FD}.Release64|Any CPU.ActiveCfg = Release|Any CPU
		{DBE14C50-B313-46F8-8D6F-79DB3E1B22FD}.Release64|Any CPU.Build.0 = Release|Any CPU
		{DBE14C50-B313-46F8-8D6F-79DB3E1B22FD}.Release64|x64.ActiveCfg = Release|Any CPU
		{DBE14C50-B313-46F8-8D6F-79DB3E1B22FD}.Release64|x64.Build.0 = Release|Any CPU
		{421F3DFC-E69D-45E7-B27B-394F671046BF}.Debug|Any CPU.ActiveCfg = Debug|Any CPU
		{421F3DFC-E69D-45E7-B27B-394F671046BF}.Debug|Any CPU.Build.0 = Debug|Any CPU
		{421F3DFC-E69D-45E7-B27B-394F671046BF}.Debug|x64.ActiveCfg = Debug|Any CPU
		{421F3DFC-E69D-45E7-B27B-394F671046BF}.Debug|x64.Build.0 = Debug|Any CPU
		{421F3DFC-E69D-45E7-B27B-394F671046BF}.MSI|Any CPU.ActiveCfg = Release|Any CPU
		{421F3DFC-E69D-45E7-B27B-394F671046BF}.MSI|Any CPU.Build.0 = Release|Any CPU
		{421F3DFC-E69D-45E7-B27B-394F671046BF}.MSI|x64.ActiveCfg = Release|Any CPU
		{421F3DFC-E69D-45E7-B27B-394F671046BF}.MSI|x64.Build.0 = Release|Any CPU
		{421F3DFC-E69D-45E7-B27B-394F671046BF}.Release|Any CPU.ActiveCfg = Release|Any CPU
		{421F3DFC-E69D-45E7-B27B-394F671046BF}.Release|Any CPU.Build.0 = Release|Any CPU
		{421F3DFC-E69D-45E7-B27B-394F671046BF}.Release|x64.ActiveCfg = Release|Any CPU
		{421F3DFC-E69D-45E7-B27B-394F671046BF}.Release|x64.Build.0 = Release|Any CPU
		{421F3DFC-E69D-45E7-B27B-394F671046BF}.Release64|Any CPU.ActiveCfg = Release|Any CPU
		{421F3DFC-E69D-45E7-B27B-394F671046BF}.Release64|Any CPU.Build.0 = Release|Any CPU
		{421F3DFC-E69D-45E7-B27B-394F671046BF}.Release64|x64.ActiveCfg = Release|Any CPU
		{421F3DFC-E69D-45E7-B27B-394F671046BF}.Release64|x64.Build.0 = Release|Any CPU
		{7B85283D-EAB3-42A4-B6B1-E75A73B6C920}.Debug|Any CPU.ActiveCfg = Debug|Any CPU
		{7B85283D-EAB3-42A4-B6B1-E75A73B6C920}.Debug|Any CPU.Build.0 = Debug|Any CPU
		{7B85283D-EAB3-42A4-B6B1-E75A73B6C920}.Debug|x64.ActiveCfg = Debug|Any CPU
		{7B85283D-EAB3-42A4-B6B1-E75A73B6C920}.Debug|x64.Build.0 = Debug|Any CPU
		{7B85283D-EAB3-42A4-B6B1-E75A73B6C920}.MSI|Any CPU.ActiveCfg = Release|Any CPU
		{7B85283D-EAB3-42A4-B6B1-E75A73B6C920}.MSI|Any CPU.Build.0 = Release|Any CPU
		{7B85283D-EAB3-42A4-B6B1-E75A73B6C920}.MSI|x64.ActiveCfg = Release|Any CPU
		{7B85283D-EAB3-42A4-B6B1-E75A73B6C920}.MSI|x64.Build.0 = Release|Any CPU
		{7B85283D-EAB3-42A4-B6B1-E75A73B6C920}.Release|Any CPU.ActiveCfg = Release|Any CPU
		{7B85283D-EAB3-42A4-B6B1-E75A73B6C920}.Release|Any CPU.Build.0 = Release|Any CPU
		{7B85283D-EAB3-42A4-B6B1-E75A73B6C920}.Release|x64.ActiveCfg = Release|Any CPU
		{7B85283D-EAB3-42A4-B6B1-E75A73B6C920}.Release|x64.Build.0 = Release|Any CPU
		{7B85283D-EAB3-42A4-B6B1-E75A73B6C920}.Release64|Any CPU.ActiveCfg = Release|Any CPU
		{7B85283D-EAB3-42A4-B6B1-E75A73B6C920}.Release64|Any CPU.Build.0 = Release|Any CPU
		{7B85283D-EAB3-42A4-B6B1-E75A73B6C920}.Release64|x64.ActiveCfg = Release|Any CPU
		{7B85283D-EAB3-42A4-B6B1-E75A73B6C920}.Release64|x64.Build.0 = Release|Any CPU
		{3EC07E91-4AE4-4D2C-BE73-F10E2A86DAC4}.Debug|Any CPU.ActiveCfg = Debug|Any CPU
		{3EC07E91-4AE4-4D2C-BE73-F10E2A86DAC4}.Debug|Any CPU.Build.0 = Debug|Any CPU
		{3EC07E91-4AE4-4D2C-BE73-F10E2A86DAC4}.Debug|x64.ActiveCfg = Debug|Any CPU
		{3EC07E91-4AE4-4D2C-BE73-F10E2A86DAC4}.Debug|x64.Build.0 = Debug|Any CPU
		{3EC07E91-4AE4-4D2C-BE73-F10E2A86DAC4}.MSI|Any CPU.ActiveCfg = Release|Any CPU
		{3EC07E91-4AE4-4D2C-BE73-F10E2A86DAC4}.MSI|Any CPU.Build.0 = Release|Any CPU
		{3EC07E91-4AE4-4D2C-BE73-F10E2A86DAC4}.MSI|x64.ActiveCfg = Release|Any CPU
		{3EC07E91-4AE4-4D2C-BE73-F10E2A86DAC4}.MSI|x64.Build.0 = Release|Any CPU
		{3EC07E91-4AE4-4D2C-BE73-F10E2A86DAC4}.Release|Any CPU.ActiveCfg = Release|Any CPU
		{3EC07E91-4AE4-4D2C-BE73-F10E2A86DAC4}.Release|Any CPU.Build.0 = Release|Any CPU
		{3EC07E91-4AE4-4D2C-BE73-F10E2A86DAC4}.Release|x64.ActiveCfg = Release|Any CPU
		{3EC07E91-4AE4-4D2C-BE73-F10E2A86DAC4}.Release|x64.Build.0 = Release|Any CPU
		{3EC07E91-4AE4-4D2C-BE73-F10E2A86DAC4}.Release64|Any CPU.ActiveCfg = Release|Any CPU
		{3EC07E91-4AE4-4D2C-BE73-F10E2A86DAC4}.Release64|Any CPU.Build.0 = Release|Any CPU
		{3EC07E91-4AE4-4D2C-BE73-F10E2A86DAC4}.Release64|x64.ActiveCfg = Release|Any CPU
		{3EC07E91-4AE4-4D2C-BE73-F10E2A86DAC4}.Release64|x64.Build.0 = Release|Any CPU
		{FA66D521-334E-4325-97FD-42C31C02B4C1}.Debug|Any CPU.ActiveCfg = Debug|Any CPU
		{FA66D521-334E-4325-97FD-42C31C02B4C1}.Debug|Any CPU.Build.0 = Debug|Any CPU
		{FA66D521-334E-4325-97FD-42C31C02B4C1}.Debug|x64.ActiveCfg = Debug|Any CPU
		{FA66D521-334E-4325-97FD-42C31C02B4C1}.Debug|x64.Build.0 = Debug|Any CPU
		{FA66D521-334E-4325-97FD-42C31C02B4C1}.MSI|Any CPU.ActiveCfg = Release|Any CPU
		{FA66D521-334E-4325-97FD-42C31C02B4C1}.MSI|Any CPU.Build.0 = Release|Any CPU
		{FA66D521-334E-4325-97FD-42C31C02B4C1}.MSI|x64.ActiveCfg = Release|Any CPU
		{FA66D521-334E-4325-97FD-42C31C02B4C1}.MSI|x64.Build.0 = Release|Any CPU
		{FA66D521-334E-4325-97FD-42C31C02B4C1}.Release|Any CPU.ActiveCfg = Release|Any CPU
		{FA66D521-334E-4325-97FD-42C31C02B4C1}.Release|Any CPU.Build.0 = Release|Any CPU
		{FA66D521-334E-4325-97FD-42C31C02B4C1}.Release|x64.ActiveCfg = Release|Any CPU
		{FA66D521-334E-4325-97FD-42C31C02B4C1}.Release|x64.Build.0 = Release|Any CPU
		{FA66D521-334E-4325-97FD-42C31C02B4C1}.Release64|Any CPU.ActiveCfg = Release|Any CPU
		{FA66D521-334E-4325-97FD-42C31C02B4C1}.Release64|Any CPU.Build.0 = Release|Any CPU
		{FA66D521-334E-4325-97FD-42C31C02B4C1}.Release64|x64.ActiveCfg = Release|Any CPU
		{FA66D521-334E-4325-97FD-42C31C02B4C1}.Release64|x64.Build.0 = Release|Any CPU
		{53A3D5C4-D334-469B-AD77-1FE1919EFC43}.Debug|Any CPU.ActiveCfg = Debug|Any CPU
		{53A3D5C4-D334-469B-AD77-1FE1919EFC43}.Debug|Any CPU.Build.0 = Debug|Any CPU
		{53A3D5C4-D334-469B-AD77-1FE1919EFC43}.Debug|x64.ActiveCfg = Debug|Any CPU
		{53A3D5C4-D334-469B-AD77-1FE1919EFC43}.Debug|x64.Build.0 = Debug|Any CPU
		{53A3D5C4-D334-469B-AD77-1FE1919EFC43}.MSI|Any CPU.ActiveCfg = Release|Any CPU
		{53A3D5C4-D334-469B-AD77-1FE1919EFC43}.MSI|Any CPU.Build.0 = Release|Any CPU
		{53A3D5C4-D334-469B-AD77-1FE1919EFC43}.MSI|x64.ActiveCfg = Release|Any CPU
		{53A3D5C4-D334-469B-AD77-1FE1919EFC43}.MSI|x64.Build.0 = Release|Any CPU
		{53A3D5C4-D334-469B-AD77-1FE1919EFC43}.Release|Any CPU.ActiveCfg = Release|Any CPU
		{53A3D5C4-D334-469B-AD77-1FE1919EFC43}.Release|Any CPU.Build.0 = Release|Any CPU
		{53A3D5C4-D334-469B-AD77-1FE1919EFC43}.Release|x64.ActiveCfg = Release|Any CPU
		{53A3D5C4-D334-469B-AD77-1FE1919EFC43}.Release|x64.Build.0 = Release|Any CPU
		{53A3D5C4-D334-469B-AD77-1FE1919EFC43}.Release64|Any CPU.ActiveCfg = Release|Any CPU
		{53A3D5C4-D334-469B-AD77-1FE1919EFC43}.Release64|Any CPU.Build.0 = Release|Any CPU
		{53A3D5C4-D334-469B-AD77-1FE1919EFC43}.Release64|x64.ActiveCfg = Release|Any CPU
		{53A3D5C4-D334-469B-AD77-1FE1919EFC43}.Release64|x64.Build.0 = Release|Any CPU
		{42A3CEC6-00FF-4BB9-916D-BFCE85DCCC88}.Debug|Any CPU.ActiveCfg = Debug|Any CPU
		{42A3CEC6-00FF-4BB9-916D-BFCE85DCCC88}.Debug|Any CPU.Build.0 = Debug|Any CPU
		{42A3CEC6-00FF-4BB9-916D-BFCE85DCCC88}.Debug|x64.ActiveCfg = Debug|Any CPU
		{42A3CEC6-00FF-4BB9-916D-BFCE85DCCC88}.Debug|x64.Build.0 = Debug|Any CPU
		{42A3CEC6-00FF-4BB9-916D-BFCE85DCCC88}.MSI|Any CPU.ActiveCfg = Release|Any CPU
		{42A3CEC6-00FF-4BB9-916D-BFCE85DCCC88}.MSI|Any CPU.Build.0 = Release|Any CPU
		{42A3CEC6-00FF-4BB9-916D-BFCE85DCCC88}.MSI|x64.ActiveCfg = Release|Any CPU
		{42A3CEC6-00FF-4BB9-916D-BFCE85DCCC88}.MSI|x64.Build.0 = Release|Any CPU
		{42A3CEC6-00FF-4BB9-916D-BFCE85DCCC88}.Release|Any CPU.ActiveCfg = Release|Any CPU
		{42A3CEC6-00FF-4BB9-916D-BFCE85DCCC88}.Release|Any CPU.Build.0 = Release|Any CPU
		{42A3CEC6-00FF-4BB9-916D-BFCE85DCCC88}.Release|x64.ActiveCfg = Release|Any CPU
		{42A3CEC6-00FF-4BB9-916D-BFCE85DCCC88}.Release|x64.Build.0 = Release|Any CPU
		{42A3CEC6-00FF-4BB9-916D-BFCE85DCCC88}.Release64|Any CPU.ActiveCfg = Release|Any CPU
		{42A3CEC6-00FF-4BB9-916D-BFCE85DCCC88}.Release64|Any CPU.Build.0 = Release|Any CPU
		{42A3CEC6-00FF-4BB9-916D-BFCE85DCCC88}.Release64|x64.ActiveCfg = Release|Any CPU
		{42A3CEC6-00FF-4BB9-916D-BFCE85DCCC88}.Release64|x64.Build.0 = Release|Any CPU
		{7FFD3B1F-CD9A-458F-AE7C-A6AD118225A3}.Debug|Any CPU.ActiveCfg = Debug|Any CPU
		{7FFD3B1F-CD9A-458F-AE7C-A6AD118225A3}.Debug|Any CPU.Build.0 = Debug|Any CPU
		{7FFD3B1F-CD9A-458F-AE7C-A6AD118225A3}.Debug|x64.ActiveCfg = Debug|Any CPU
		{7FFD3B1F-CD9A-458F-AE7C-A6AD118225A3}.Debug|x64.Build.0 = Debug|Any CPU
		{7FFD3B1F-CD9A-458F-AE7C-A6AD118225A3}.MSI|Any CPU.ActiveCfg = Release|Any CPU
		{7FFD3B1F-CD9A-458F-AE7C-A6AD118225A3}.MSI|Any CPU.Build.0 = Release|Any CPU
		{7FFD3B1F-CD9A-458F-AE7C-A6AD118225A3}.MSI|x64.ActiveCfg = Release|Any CPU
		{7FFD3B1F-CD9A-458F-AE7C-A6AD118225A3}.MSI|x64.Build.0 = Release|Any CPU
		{7FFD3B1F-CD9A-458F-AE7C-A6AD118225A3}.Release|Any CPU.ActiveCfg = Release|Any CPU
		{7FFD3B1F-CD9A-458F-AE7C-A6AD118225A3}.Release|Any CPU.Build.0 = Release|Any CPU
		{7FFD3B1F-CD9A-458F-AE7C-A6AD118225A3}.Release|x64.ActiveCfg = Release|Any CPU
		{7FFD3B1F-CD9A-458F-AE7C-A6AD118225A3}.Release|x64.Build.0 = Release|Any CPU
		{7FFD3B1F-CD9A-458F-AE7C-A6AD118225A3}.Release64|Any CPU.ActiveCfg = Release|Any CPU
		{7FFD3B1F-CD9A-458F-AE7C-A6AD118225A3}.Release64|Any CPU.Build.0 = Release|Any CPU
		{7FFD3B1F-CD9A-458F-AE7C-A6AD118225A3}.Release64|x64.ActiveCfg = Release|Any CPU
		{7FFD3B1F-CD9A-458F-AE7C-A6AD118225A3}.Release64|x64.Build.0 = Release|Any CPU
		{0C7B6D2D-4192-422C-AB73-DFF75ACB07C3}.Debug|Any CPU.ActiveCfg = Debug|Any CPU
		{0C7B6D2D-4192-422C-AB73-DFF75ACB07C3}.Debug|Any CPU.Build.0 = Debug|Any CPU
		{0C7B6D2D-4192-422C-AB73-DFF75ACB07C3}.Debug|x64.ActiveCfg = Debug|Any CPU
		{0C7B6D2D-4192-422C-AB73-DFF75ACB07C3}.Debug|x64.Build.0 = Debug|Any CPU
		{0C7B6D2D-4192-422C-AB73-DFF75ACB07C3}.MSI|Any CPU.ActiveCfg = Release|Any CPU
		{0C7B6D2D-4192-422C-AB73-DFF75ACB07C3}.MSI|Any CPU.Build.0 = Release|Any CPU
		{0C7B6D2D-4192-422C-AB73-DFF75ACB07C3}.MSI|x64.ActiveCfg = Release|Any CPU
		{0C7B6D2D-4192-422C-AB73-DFF75ACB07C3}.MSI|x64.Build.0 = Release|Any CPU
		{0C7B6D2D-4192-422C-AB73-DFF75ACB07C3}.Release|Any CPU.ActiveCfg = Release|Any CPU
		{0C7B6D2D-4192-422C-AB73-DFF75ACB07C3}.Release|Any CPU.Build.0 = Release|Any CPU
		{0C7B6D2D-4192-422C-AB73-DFF75ACB07C3}.Release|x64.ActiveCfg = Release|Any CPU
		{0C7B6D2D-4192-422C-AB73-DFF75ACB07C3}.Release|x64.Build.0 = Release|Any CPU
		{0C7B6D2D-4192-422C-AB73-DFF75ACB07C3}.Release64|Any CPU.ActiveCfg = Release|Any CPU
		{0C7B6D2D-4192-422C-AB73-DFF75ACB07C3}.Release64|Any CPU.Build.0 = Release|Any CPU
		{0C7B6D2D-4192-422C-AB73-DFF75ACB07C3}.Release64|x64.ActiveCfg = Release|Any CPU
		{0C7B6D2D-4192-422C-AB73-DFF75ACB07C3}.Release64|x64.Build.0 = Release|Any CPU
		{C89A6EC3-7DD3-47EE-9C51-0A3A6BC25904}.Debug|Any CPU.ActiveCfg = Debug|Any CPU
		{C89A6EC3-7DD3-47EE-9C51-0A3A6BC25904}.Debug|Any CPU.Build.0 = Debug|Any CPU
		{C89A6EC3-7DD3-47EE-9C51-0A3A6BC25904}.Debug|x64.ActiveCfg = Debug|Any CPU
		{C89A6EC3-7DD3-47EE-9C51-0A3A6BC25904}.Debug|x64.Build.0 = Debug|Any CPU
		{C89A6EC3-7DD3-47EE-9C51-0A3A6BC25904}.MSI|Any CPU.ActiveCfg = Release|Any CPU
		{C89A6EC3-7DD3-47EE-9C51-0A3A6BC25904}.MSI|Any CPU.Build.0 = Release|Any CPU
		{C89A6EC3-7DD3-47EE-9C51-0A3A6BC25904}.MSI|x64.ActiveCfg = Release|Any CPU
		{C89A6EC3-7DD3-47EE-9C51-0A3A6BC25904}.MSI|x64.Build.0 = Release|Any CPU
		{C89A6EC3-7DD3-47EE-9C51-0A3A6BC25904}.Release|Any CPU.ActiveCfg = Release|Any CPU
		{C89A6EC3-7DD3-47EE-9C51-0A3A6BC25904}.Release|Any CPU.Build.0 = Release|Any CPU
		{C89A6EC3-7DD3-47EE-9C51-0A3A6BC25904}.Release|x64.ActiveCfg = Release|Any CPU
		{C89A6EC3-7DD3-47EE-9C51-0A3A6BC25904}.Release|x64.Build.0 = Release|Any CPU
		{C89A6EC3-7DD3-47EE-9C51-0A3A6BC25904}.Release64|Any CPU.ActiveCfg = Release|Any CPU
		{C89A6EC3-7DD3-47EE-9C51-0A3A6BC25904}.Release64|Any CPU.Build.0 = Release|Any CPU
		{C89A6EC3-7DD3-47EE-9C51-0A3A6BC25904}.Release64|x64.ActiveCfg = Release|Any CPU
		{C89A6EC3-7DD3-47EE-9C51-0A3A6BC25904}.Release64|x64.Build.0 = Release|Any CPU
		{B01A7909-4172-49DB-8DBB-B6949BC1122F}.Debug|Any CPU.ActiveCfg = Debug|Any CPU
		{B01A7909-4172-49DB-8DBB-B6949BC1122F}.Debug|Any CPU.Build.0 = Debug|Any CPU
		{B01A7909-4172-49DB-8DBB-B6949BC1122F}.Debug|x64.ActiveCfg = Debug|Any CPU
		{B01A7909-4172-49DB-8DBB-B6949BC1122F}.Debug|x64.Build.0 = Debug|Any CPU
		{B01A7909-4172-49DB-8DBB-B6949BC1122F}.MSI|Any CPU.ActiveCfg = Release|Any CPU
		{B01A7909-4172-49DB-8DBB-B6949BC1122F}.MSI|Any CPU.Build.0 = Release|Any CPU
		{B01A7909-4172-49DB-8DBB-B6949BC1122F}.MSI|x64.ActiveCfg = Release|Any CPU
		{B01A7909-4172-49DB-8DBB-B6949BC1122F}.MSI|x64.Build.0 = Release|Any CPU
		{B01A7909-4172-49DB-8DBB-B6949BC1122F}.Release|Any CPU.ActiveCfg = Release|Any CPU
		{B01A7909-4172-49DB-8DBB-B6949BC1122F}.Release|Any CPU.Build.0 = Release|Any CPU
		{B01A7909-4172-49DB-8DBB-B6949BC1122F}.Release|x64.ActiveCfg = Release|Any CPU
		{B01A7909-4172-49DB-8DBB-B6949BC1122F}.Release|x64.Build.0 = Release|Any CPU
		{B01A7909-4172-49DB-8DBB-B6949BC1122F}.Release64|Any CPU.ActiveCfg = Release|Any CPU
		{B01A7909-4172-49DB-8DBB-B6949BC1122F}.Release64|Any CPU.Build.0 = Release|Any CPU
		{B01A7909-4172-49DB-8DBB-B6949BC1122F}.Release64|x64.ActiveCfg = Release|Any CPU
		{B01A7909-4172-49DB-8DBB-B6949BC1122F}.Release64|x64.Build.0 = Release|Any CPU
		{5CABB53A-798E-4725-B755-18A60ECC5D31}.Debug|Any CPU.ActiveCfg = Debug|Any CPU
		{5CABB53A-798E-4725-B755-18A60ECC5D31}.Debug|Any CPU.Build.0 = Debug|Any CPU
		{5CABB53A-798E-4725-B755-18A60ECC5D31}.Debug|x64.ActiveCfg = Debug|x64
		{5CABB53A-798E-4725-B755-18A60ECC5D31}.Debug|x64.Build.0 = Debug|x64
		{5CABB53A-798E-4725-B755-18A60ECC5D31}.MSI|Any CPU.ActiveCfg = MSI|Any CPU
		{5CABB53A-798E-4725-B755-18A60ECC5D31}.MSI|Any CPU.Build.0 = MSI|Any CPU
		{5CABB53A-798E-4725-B755-18A60ECC5D31}.MSI|x64.ActiveCfg = MSI|x64
		{5CABB53A-798E-4725-B755-18A60ECC5D31}.MSI|x64.Build.0 = MSI|x64
		{5CABB53A-798E-4725-B755-18A60ECC5D31}.Release|Any CPU.ActiveCfg = Release|Any CPU
		{5CABB53A-798E-4725-B755-18A60ECC5D31}.Release|Any CPU.Build.0 = Release|Any CPU
		{5CABB53A-798E-4725-B755-18A60ECC5D31}.Release|x64.ActiveCfg = Release|x64
		{5CABB53A-798E-4725-B755-18A60ECC5D31}.Release|x64.Build.0 = Release|x64
		{5CABB53A-798E-4725-B755-18A60ECC5D31}.Release64|Any CPU.ActiveCfg = Release64|Any CPU
		{5CABB53A-798E-4725-B755-18A60ECC5D31}.Release64|Any CPU.Build.0 = Release64|Any CPU
		{5CABB53A-798E-4725-B755-18A60ECC5D31}.Release64|x64.ActiveCfg = Release64|x64
		{5CABB53A-798E-4725-B755-18A60ECC5D31}.Release64|x64.Build.0 = Release64|x64
		{9411494F-51AE-4FEE-8CBB-8D9A1B418920}.Debug|Any CPU.ActiveCfg = Debug|Any CPU
		{9411494F-51AE-4FEE-8CBB-8D9A1B418920}.Debug|Any CPU.Build.0 = Debug|Any CPU
		{9411494F-51AE-4FEE-8CBB-8D9A1B418920}.Debug|x64.ActiveCfg = Debug|Any CPU
		{9411494F-51AE-4FEE-8CBB-8D9A1B418920}.Debug|x64.Build.0 = Debug|Any CPU
		{9411494F-51AE-4FEE-8CBB-8D9A1B418920}.MSI|Any CPU.ActiveCfg = Release|Any CPU
		{9411494F-51AE-4FEE-8CBB-8D9A1B418920}.MSI|Any CPU.Build.0 = Release|Any CPU
		{9411494F-51AE-4FEE-8CBB-8D9A1B418920}.MSI|x64.ActiveCfg = Release|Any CPU
		{9411494F-51AE-4FEE-8CBB-8D9A1B418920}.MSI|x64.Build.0 = Release|Any CPU
		{9411494F-51AE-4FEE-8CBB-8D9A1B418920}.Release|Any CPU.ActiveCfg = Release|Any CPU
		{9411494F-51AE-4FEE-8CBB-8D9A1B418920}.Release|Any CPU.Build.0 = Release|Any CPU
		{9411494F-51AE-4FEE-8CBB-8D9A1B418920}.Release|x64.ActiveCfg = Release|Any CPU
		{9411494F-51AE-4FEE-8CBB-8D9A1B418920}.Release|x64.Build.0 = Release|Any CPU
		{9411494F-51AE-4FEE-8CBB-8D9A1B418920}.Release64|Any CPU.ActiveCfg = Release|Any CPU
		{9411494F-51AE-4FEE-8CBB-8D9A1B418920}.Release64|Any CPU.Build.0 = Release|Any CPU
		{9411494F-51AE-4FEE-8CBB-8D9A1B418920}.Release64|x64.ActiveCfg = Release|Any CPU
		{9411494F-51AE-4FEE-8CBB-8D9A1B418920}.Release64|x64.Build.0 = Release|Any CPU
		{5B3CA328-4AFC-4F8E-BE25-75AACCFF5D54}.Debug|Any CPU.ActiveCfg = Debug|Any CPU
		{5B3CA328-4AFC-4F8E-BE25-75AACCFF5D54}.Debug|Any CPU.Build.0 = Debug|Any CPU
		{5B3CA328-4AFC-4F8E-BE25-75AACCFF5D54}.Debug|x64.ActiveCfg = Debug|Any CPU
		{5B3CA328-4AFC-4F8E-BE25-75AACCFF5D54}.Debug|x64.Build.0 = Debug|Any CPU
		{5B3CA328-4AFC-4F8E-BE25-75AACCFF5D54}.MSI|Any CPU.ActiveCfg = Release|Any CPU
		{5B3CA328-4AFC-4F8E-BE25-75AACCFF5D54}.MSI|Any CPU.Build.0 = Release|Any CPU
		{5B3CA328-4AFC-4F8E-BE25-75AACCFF5D54}.MSI|x64.ActiveCfg = Release|Any CPU
		{5B3CA328-4AFC-4F8E-BE25-75AACCFF5D54}.MSI|x64.Build.0 = Release|Any CPU
		{5B3CA328-4AFC-4F8E-BE25-75AACCFF5D54}.Release|Any CPU.ActiveCfg = Release|Any CPU
		{5B3CA328-4AFC-4F8E-BE25-75AACCFF5D54}.Release|Any CPU.Build.0 = Release|Any CPU
		{5B3CA328-4AFC-4F8E-BE25-75AACCFF5D54}.Release|x64.ActiveCfg = Release|Any CPU
		{5B3CA328-4AFC-4F8E-BE25-75AACCFF5D54}.Release|x64.Build.0 = Release|Any CPU
		{5B3CA328-4AFC-4F8E-BE25-75AACCFF5D54}.Release64|Any CPU.ActiveCfg = Release|Any CPU
		{5B3CA328-4AFC-4F8E-BE25-75AACCFF5D54}.Release64|Any CPU.Build.0 = Release|Any CPU
		{5B3CA328-4AFC-4F8E-BE25-75AACCFF5D54}.Release64|x64.ActiveCfg = Release|Any CPU
		{5B3CA328-4AFC-4F8E-BE25-75AACCFF5D54}.Release64|x64.Build.0 = Release|Any CPU
		{EF01115A-7D38-4E23-87F4-06CD2C3E661E}.Debug|Any CPU.ActiveCfg = Debug|Any CPU
		{EF01115A-7D38-4E23-87F4-06CD2C3E661E}.Debug|Any CPU.Build.0 = Debug|Any CPU
		{EF01115A-7D38-4E23-87F4-06CD2C3E661E}.Debug|x64.ActiveCfg = Debug|Any CPU
		{EF01115A-7D38-4E23-87F4-06CD2C3E661E}.Debug|x64.Build.0 = Debug|Any CPU
		{EF01115A-7D38-4E23-87F4-06CD2C3E661E}.MSI|Any CPU.ActiveCfg = Release|Any CPU
		{EF01115A-7D38-4E23-87F4-06CD2C3E661E}.MSI|Any CPU.Build.0 = Release|Any CPU
		{EF01115A-7D38-4E23-87F4-06CD2C3E661E}.MSI|x64.ActiveCfg = Release|Any CPU
		{EF01115A-7D38-4E23-87F4-06CD2C3E661E}.MSI|x64.Build.0 = Release|Any CPU
		{EF01115A-7D38-4E23-87F4-06CD2C3E661E}.Release|Any CPU.ActiveCfg = Release|Any CPU
		{EF01115A-7D38-4E23-87F4-06CD2C3E661E}.Release|Any CPU.Build.0 = Release|Any CPU
		{EF01115A-7D38-4E23-87F4-06CD2C3E661E}.Release|x64.ActiveCfg = Release|Any CPU
		{EF01115A-7D38-4E23-87F4-06CD2C3E661E}.Release|x64.Build.0 = Release|Any CPU
		{EF01115A-7D38-4E23-87F4-06CD2C3E661E}.Release64|Any CPU.ActiveCfg = Release|Any CPU
		{EF01115A-7D38-4E23-87F4-06CD2C3E661E}.Release64|Any CPU.Build.0 = Release|Any CPU
		{EF01115A-7D38-4E23-87F4-06CD2C3E661E}.Release64|x64.ActiveCfg = Release|Any CPU
		{EF01115A-7D38-4E23-87F4-06CD2C3E661E}.Release64|x64.Build.0 = Release|Any CPU
		{7ACE75DC-5D42-4C3F-9D92-66AC61E5AFD8}.Debug|Any CPU.ActiveCfg = Debug|Any CPU
		{7ACE75DC-5D42-4C3F-9D92-66AC61E5AFD8}.Debug|Any CPU.Build.0 = Debug|Any CPU
		{7ACE75DC-5D42-4C3F-9D92-66AC61E5AFD8}.Debug|x64.ActiveCfg = Debug|Any CPU
		{7ACE75DC-5D42-4C3F-9D92-66AC61E5AFD8}.Debug|x64.Build.0 = Debug|Any CPU
		{7ACE75DC-5D42-4C3F-9D92-66AC61E5AFD8}.MSI|Any CPU.ActiveCfg = Release|Any CPU
		{7ACE75DC-5D42-4C3F-9D92-66AC61E5AFD8}.MSI|Any CPU.Build.0 = Release|Any CPU
		{7ACE75DC-5D42-4C3F-9D92-66AC61E5AFD8}.MSI|x64.ActiveCfg = Release|Any CPU
		{7ACE75DC-5D42-4C3F-9D92-66AC61E5AFD8}.MSI|x64.Build.0 = Release|Any CPU
		{7ACE75DC-5D42-4C3F-9D92-66AC61E5AFD8}.Release|Any CPU.ActiveCfg = Release|Any CPU
		{7ACE75DC-5D42-4C3F-9D92-66AC61E5AFD8}.Release|Any CPU.Build.0 = Release|Any CPU
		{7ACE75DC-5D42-4C3F-9D92-66AC61E5AFD8}.Release|x64.ActiveCfg = Release|Any CPU
		{7ACE75DC-5D42-4C3F-9D92-66AC61E5AFD8}.Release|x64.Build.0 = Release|Any CPU
		{7ACE75DC-5D42-4C3F-9D92-66AC61E5AFD8}.Release64|Any CPU.ActiveCfg = Release|Any CPU
		{7ACE75DC-5D42-4C3F-9D92-66AC61E5AFD8}.Release64|Any CPU.Build.0 = Release|Any CPU
		{7ACE75DC-5D42-4C3F-9D92-66AC61E5AFD8}.Release64|x64.ActiveCfg = Release|Any CPU
		{7ACE75DC-5D42-4C3F-9D92-66AC61E5AFD8}.Release64|x64.Build.0 = Release|Any CPU
	EndGlobalSection
	GlobalSection(SolutionProperties) = preSolution
		HideSolutionNode = FALSE
	EndGlobalSection
	GlobalSection(NestedProjects) = preSolution
		{1DC7EA39-865D-4386-A814-9062441056FE} = {0F04E164-8FAA-4DC7-AC3D-4EA585E7BB94}
		{BB72FF55-203D-4908-A396-1BF223473F3D} = {0F04E164-8FAA-4DC7-AC3D-4EA585E7BB94}
		{43DC7EFC-447D-4D7D-A497-5CC7C60A006D} = {0F04E164-8FAA-4DC7-AC3D-4EA585E7BB94}
		{90C95503-CDA6-46E1-91AF-3A52D04DBCC3} = {0F04E164-8FAA-4DC7-AC3D-4EA585E7BB94}
		{D97CEB63-1139-4DC3-B630-67E823376326} = {0F04E164-8FAA-4DC7-AC3D-4EA585E7BB94}
		{B367BF97-79F3-4BBA-8A2F-9A21FFDF9950} = {0F04E164-8FAA-4DC7-AC3D-4EA585E7BB94}
		{43C0B539-7E33-48AB-AE35-98B3D1834782} = {23D96302-91BF-40F0-A372-C288A919A7D4}
		{7E94185F-75DA-4E26-80CD-D3BDA207FE5F} = {0F04E164-8FAA-4DC7-AC3D-4EA585E7BB94}
		{021345B3-85F0-4AE3-9989-DC96772C7799} = {0F04E164-8FAA-4DC7-AC3D-4EA585E7BB94}
		{17CD5683-886B-4856-82B0-25BD99172764} = {23D96302-91BF-40F0-A372-C288A919A7D4}
		{ADF6BF1F-D0D7-462D-AB68-EA852C2F67E5} = {7E8C8722-21B6-4A9E-8289-7751D9A4581F}
		{AA1D71AB-D8B3-4450-A068-BA77D169F289} = {23D96302-91BF-40F0-A372-C288A919A7D4}
		{75814AC9-8E36-4CDF-8697-D800A143411A} = {23D96302-91BF-40F0-A372-C288A919A7D4}
		{FA632557-8F3E-492B-8DA3-D2686938FBC8} = {23D96302-91BF-40F0-A372-C288A919A7D4}
		{4535C5E6-A44E-4952-8EDB-BA207B16B8A8} = {0F04E164-8FAA-4DC7-AC3D-4EA585E7BB94}
		{E1A64435-4BD1-43DC-846F-EA957CDAA86E} = {23D96302-91BF-40F0-A372-C288A919A7D4}
		{CF559EA8-CA06-44FC-8629-F36031DE99CD} = {23D96302-91BF-40F0-A372-C288A919A7D4}
		{9DD12049-1C6B-4155-A8A7-7ED495B8212C} = {23D96302-91BF-40F0-A372-C288A919A7D4}
		{F37D0218-04F7-49A4-B927-21EF331EB154} = {23D96302-91BF-40F0-A372-C288A919A7D4}
		{DE638799-D4E6-499F-9669-0D6348747C07} = {23D96302-91BF-40F0-A372-C288A919A7D4}
		{7BF289E9-ABFE-4CE0-9678-36745BC96C90} = {7E8C8722-21B6-4A9E-8289-7751D9A4581F}
		{407473C6-0D67-4158-A2A6-0A774819FF2B} = {0F04E164-8FAA-4DC7-AC3D-4EA585E7BB94}
		{A01DAAC8-ACD7-415E-B17C-C6E12F5BE8D7} = {23D96302-91BF-40F0-A372-C288A919A7D4}
		{FCA585F0-A2CB-4681-B21B-38E45EBA3EE6} = {23D96302-91BF-40F0-A372-C288A919A7D4}
		{3C8C472D-6360-46BB-9247-899F6F121D20} = {23D96302-91BF-40F0-A372-C288A919A7D4}
		{8CA4EE09-74F0-4FCF-989D-45F43CE82E90} = {23D96302-91BF-40F0-A372-C288A919A7D4}
		{8C3CF60B-ADBA-443F-9A94-381FDC3D7C98} = {23D96302-91BF-40F0-A372-C288A919A7D4}
		{34DD0A77-9DE1-464F-818C-1A9645E7B1C5} = {0F04E164-8FAA-4DC7-AC3D-4EA585E7BB94}
		{E1AACA2D-9E79-4CF2-8348-8DD7D4B5CF58} = {23D96302-91BF-40F0-A372-C288A919A7D4}
		{2703D266-F94A-4CFC-861C-B25ED38B21C3} = {23D96302-91BF-40F0-A372-C288A919A7D4}
		{F320D640-09D1-47F9-ABFE-216C3488AAF1} = {0F04E164-8FAA-4DC7-AC3D-4EA585E7BB94}
		{EA97C0FB-0E5F-4D4F-BE1B-9DE80BABF60A} = {23D96302-91BF-40F0-A372-C288A919A7D4}
		{DBD54382-4C53-42D4-B9D7-3CE76AB4EE42} = {0F04E164-8FAA-4DC7-AC3D-4EA585E7BB94}
		{81C70494-FA3F-4D93-A10C-AAF339C61EC4} = {0F04E164-8FAA-4DC7-AC3D-4EA585E7BB94}
		{A5B59228-C64A-4B4D-B605-B7F5388F1F39} = {0F04E164-8FAA-4DC7-AC3D-4EA585E7BB94}
		{8C1DBC58-1021-434C-BB85-0EFA68C60139} = {7E8C8722-21B6-4A9E-8289-7751D9A4581F}
		{076A8218-81E0-43B2-8685-0100989B05CC} = {7E8C8722-21B6-4A9E-8289-7751D9A4581F}
		{37777301-2581-435B-98A5-3361FAB8AEEB} = {7E8C8722-21B6-4A9E-8289-7751D9A4581F}
		{75AB0CC2-D7B4-433C-9CC5-36CAFCA76E59} = {7BF289E9-ABFE-4CE0-9678-36745BC96C90}
		{BD61E723-8740-4EB8-8BA1-EED3AA3A6764} = {7BF289E9-ABFE-4CE0-9678-36745BC96C90}
		{6BBD9730-7B28-449D-954E-B093C4D791AF} = {7BF289E9-ABFE-4CE0-9678-36745BC96C90}
		{9F0D69B1-9B07-4647-8944-132C752B16E8} = {7BF289E9-ABFE-4CE0-9678-36745BC96C90}
		{DF66AFEB-819B-4630-AF65-B713D96289D8} = {7BF289E9-ABFE-4CE0-9678-36745BC96C90}
		{DBE14C50-B313-46F8-8D6F-79DB3E1B22FD} = {7BF289E9-ABFE-4CE0-9678-36745BC96C90}
		{421F3DFC-E69D-45E7-B27B-394F671046BF} = {05E79780-24FB-4ED9-9F38-4D742BEB6617}
		{05E79780-24FB-4ED9-9F38-4D742BEB6617} = {7E8C8722-21B6-4A9E-8289-7751D9A4581F}
		{7B85283D-EAB3-42A4-B6B1-E75A73B6C920} = {ADF6BF1F-D0D7-462D-AB68-EA852C2F67E5}
		{3EC07E91-4AE4-4D2C-BE73-F10E2A86DAC4} = {ADF6BF1F-D0D7-462D-AB68-EA852C2F67E5}
		{FA66D521-334E-4325-97FD-42C31C02B4C1} = {ADF6BF1F-D0D7-462D-AB68-EA852C2F67E5}
		{53A3D5C4-D334-469B-AD77-1FE1919EFC43} = {ADF6BF1F-D0D7-462D-AB68-EA852C2F67E5}
		{42A3CEC6-00FF-4BB9-916D-BFCE85DCCC88} = {076A8218-81E0-43B2-8685-0100989B05CC}
		{7FFD3B1F-CD9A-458F-AE7C-A6AD118225A3} = {076A8218-81E0-43B2-8685-0100989B05CC}
		{0C7B6D2D-4192-422C-AB73-DFF75ACB07C3} = {076A8218-81E0-43B2-8685-0100989B05CC}
		{C89A6EC3-7DD3-47EE-9C51-0A3A6BC25904} = {076A8218-81E0-43B2-8685-0100989B05CC}
		{B01A7909-4172-49DB-8DBB-B6949BC1122F} = {8C1DBC58-1021-434C-BB85-0EFA68C60139}
		{5CABB53A-798E-4725-B755-18A60ECC5D31} = {8C1DBC58-1021-434C-BB85-0EFA68C60139}
		{9411494F-51AE-4FEE-8CBB-8D9A1B418920} = {8C1DBC58-1021-434C-BB85-0EFA68C60139}
		{5B3CA328-4AFC-4F8E-BE25-75AACCFF5D54} = {8C1DBC58-1021-434C-BB85-0EFA68C60139}
		{E92377E6-5B2D-4F83-8EBF-27D2EDF851C4} = {ADF6BF1F-D0D7-462D-AB68-EA852C2F67E5}
		{EF01115A-7D38-4E23-87F4-06CD2C3E661E} = {E92377E6-5B2D-4F83-8EBF-27D2EDF851C4}
		{7ACE75DC-5D42-4C3F-9D92-66AC61E5AFD8} = {23D96302-91BF-40F0-A372-C288A919A7D4}
	EndGlobalSection
	GlobalSection(ExtensibilityGlobals) = postSolution
		SolutionGuid = {F6EBA67E-42ED-4117-8F04-F6E1E6CB5D98}
	EndGlobalSection
EndGlobal
